
Microsoft Visual Studio Solution File, Format Version 12.00
# Visual Studio 15
VisualStudioVersion = 15.0.28307.102
MinimumVisualStudioVersion = 10.0.40219.1
Project("{8BC9CEB8-8B4A-11D0-8D11-00A0C91BC942}") = "QGL_Content", "QGL_Content\QGL_Content.vcxproj", "{10667518-D86F-4FAF-9A5C-78BF6966822D}"
	ProjectSection(ProjectDependencies) = postProject
		{D5F8EC52-9052-4A1E-81CA-EA32C414EC11} = {D5F8EC52-9052-4A1E-81CA-EA32C414EC11}
	EndProjectSection
EndProject
Project("{8BC9CEB8-8B4A-11D0-8D11-00A0C91BC942}") = "QGL_Graphics", "QGL_Graphics\QGL_Graphics.vcxproj", "{61A27F7D-5F46-45B0-8C16-54E86EDA2563}"
	ProjectSection(ProjectDependencies) = postProject
		{10667518-D86F-4FAF-9A5C-78BF6966822D} = {10667518-D86F-4FAF-9A5C-78BF6966822D}
		{D5F8EC52-9052-4A1E-81CA-EA32C414EC11} = {D5F8EC52-9052-4A1E-81CA-EA32C414EC11}
	EndProjectSection
EndProject
Project("{8BC9CEB8-8B4A-11D0-8D11-00A0C91BC942}") = "QGL_Model", "QGL_Model\QGL_Model.vcxproj", "{D5F8EC52-9052-4A1E-81CA-EA32C414EC11}"
EndProject
Project("{2150E333-8FDC-42A3-9474-1A3956D46DE8}") = "Tests", "Tests", "{6C38A12A-8D5C-4D44-9668-5668B1E737B5}"
EndProject
Project("{2150E333-8FDC-42A3-9474-1A3956D46DE8}") = "Tools", "Tools", "{AC65AAA5-BAEF-4715-8276-3D3E3E2D2E74}"
EndProject
Project("{8BC9CEB8-8B4A-11D0-8D11-00A0C91BC942}") = "QGL_Projection", "QGL_Projection\QGL_Projection.vcxproj", "{247E9037-20AB-4B03-8F3B-4CB26E12CBAA}"
EndProject
Project("{8BC9CEB8-8B4A-11D0-8D11-00A0C91BC942}") = "QGL_Model_Unit_Tests", "Tests\QGL_Model_Unit_Tests\QGL_Model_Unit_Tests.vcxproj", "{2BD03EFD-FB01-4F30-AC2A-54DF4E496DB6}"
EndProject
Project("{8BC9CEB8-8B4A-11D0-8D11-00A0C91BC942}") = "TestConsumer", "Tests\TestConsumer\TestConsumer.vcxproj", "{723A5300-C928-4C08-8C8B-17B189ABF20D}"
EndProject
Project("{8BC9CEB8-8B4A-11D0-8D11-00A0C91BC942}") = "QGL_Content.UnitTests", "Tests\QGL_Content.UnitTests\QGL_Content.UnitTests.vcxproj", "{EDCA634A-5452-4C65-A717-8D2E26C0A588}"
EndProject
Project("{FAE04EC0-301F-11D3-BF4B-00C04F79EFBC}") = "QGL_Projection.UnitTests", "Tests\QGL_Projection.UnitTests\QGL_Projection.UnitTests.csproj", "{F8F7655F-2088-4CA8-B61C-F241721AD587}"
EndProject
Project("{FAE04EC0-301F-11D3-BF4B-00C04F79EFBC}") = "QGL_ContentBuilder", "Tools\QGL_ContentBuilder\QGL_ContentBuilder.csproj", "{78588705-9BA1-4BB1-A588-A99A8EFE46F9}"
EndProject
Project("{2150E333-8FDC-42A3-9474-1A3956D46DE8}") = "Docs", "Docs", "{9718F640-752B-4ABA-9F50-C436F93092F6}"
	ProjectSection(SolutionItems) = preProject
		Docs\Error-Handling.md = Docs\Error-Handling.md
	EndProjectSection
EndProject
Project("{2150E333-8FDC-42A3-9474-1A3956D46DE8}") = "Content Files", "Content Files", "{775AA850-7C18-4FAA-AE27-B6E06FE18BD4}"
	ProjectSection(SolutionItems) = preProject
		Docs\Content Files\Brush-file.md = Docs\Content Files\Brush-file.md
		Docs\Content Files\DepthStencil-File.md = Docs\Content Files\DepthStencil-File.md
		Docs\Content Files\GraphicsConfig-File.md = Docs\Content Files\GraphicsConfig-File.md
		Docs\Content Files\Light-File.md = Docs\Content Files\Light-File.md
		Docs\Content Files\Model-File.md = Docs\Content Files\Model-File.md
		Docs\Content Files\Rasterizer-File.md = Docs\Content Files\Rasterizer-File.md
		Docs\Content Files\README.md = Docs\Content Files\README.md
		Docs\Content Files\Sampler-File.md = Docs\Content Files\Sampler-File.md
		Docs\Content Files\Shader-File.md = Docs\Content Files\Shader-File.md
		Docs\Content Files\String-File.md = Docs\Content Files\String-File.md
		Docs\Content Files\TextFormat-File.md = Docs\Content Files\TextFormat-File.md
		Docs\Content Files\Texture-File.md = Docs\Content Files\Texture-File.md
		Docs\Content Files\WString-File.md = Docs\Content Files\WString-File.md
		Docs\Content Files\WText-File.md = Docs\Content Files\WText-File.md
	EndProjectSection
EndProject
Project("{2150E333-8FDC-42A3-9474-1A3956D46DE8}") = "Content Importers", "Content Importers", "{0FAE883C-7C9D-4E89-92F9-6F8C089CD8FC}"
	ProjectSection(SolutionItems) = preProject
		Docs\Content Importers\Array-Importer.md = Docs\Content Importers\Array-Importer.md
		Docs\Content Importers\BlenderDescBuffer-Importer.md = Docs\Content Importers\BlenderDescBuffer-Importer.md
		Docs\Content Importers\BrushBuffer-Importer.md = Docs\Content Importers\BrushBuffer-Importer.md
		Docs\Content Importers\CameraBuffer-Importer.md = Docs\Content Importers\CameraBuffer-Importer.md
		Docs\Content Importers\CompiledShader-Importer.md = Docs\Content Importers\CompiledShader-Importer.md
		Docs\Content Importers\DepthStencilBuffer-Importer.md = Docs\Content Importers\DepthStencilBuffer-Importer.md
		Docs\Content Importers\Floating-Importer.md = Docs\Content Importers\Floating-Importer.md
		Docs\Content Importers\GraphicsConfigBuffer-Importer.md = Docs\Content Importers\GraphicsConfigBuffer-Importer.md
		Docs\Content Importers\Integral-Importer.md = Docs\Content Importers\Integral-Importer.md
		Docs\Content Importers\LightBuffer-Importer.md = Docs\Content Importers\LightBuffer-Importer.md
		Docs\Content Importers\RasterizerBuffer-Importer.md = Docs\Content Importers\RasterizerBuffer-Importer.md
		Docs\Content Importers\Rectangle-Importer.md = Docs\Content Importers\Rectangle-Importer.md
		Docs\Content Importers\SamplerBuffer-Importer.md = Docs\Content Importers\SamplerBuffer-Importer.md
		Docs\Content Importers\SharedData-Importer.md = Docs\Content Importers\SharedData-Importer.md
		Docs\Content Importers\SourceShader-Importer.md = Docs\Content Importers\SourceShader-Importer.md
		Docs\Content Importers\String-Importer.md = Docs\Content Importers\String-Importer.md
		Docs\Content Importers\WString-Importer.md = Docs\Content Importers\WString-Importer.md
	EndProjectSection
EndProject
Project("{2150E333-8FDC-42A3-9474-1A3956D46DE8}") = "Style", "Style", "{16173FAD-3448-497F-9A65-F3070F7F3255}"
	ProjectSection(SolutionItems) = preProject
		Docs\Style\Naming.md = Docs\Style\Naming.md
		Docs\Style\Spacing.md = Docs\Style\Spacing.md
	EndProjectSection
EndProject
Project("{2150E333-8FDC-42A3-9474-1A3956D46DE8}") = "Interfaces", "Interfaces", "{2309D387-6A17-4E9E-87D4-B85CFEC32706}"
	ProjectSection(SolutionItems) = preProject
		Docs\Interfaces\Interface-Design.md = Docs\Interfaces\Interface-Design.md
	EndProjectSection
EndProject
Global
	GlobalSection(SolutionConfigurationPlatforms) = preSolution
		Debug|Any CPU = Debug|Any CPU
		Debug|ARM = Debug|ARM
		Debug|ARM64 = Debug|ARM64
		Debug|x64 = Debug|x64
		Debug|x86 = Debug|x86
		Release|Any CPU = Release|Any CPU
		Release|ARM = Release|ARM
		Release|ARM64 = Release|ARM64
		Release|x64 = Release|x64
		Release|x86 = Release|x86
	EndGlobalSection
	GlobalSection(ProjectConfigurationPlatforms) = postSolution
		{10667518-D86F-4FAF-9A5C-78BF6966822D}.Debug|Any CPU.ActiveCfg = Debug|Win32
		{10667518-D86F-4FAF-9A5C-78BF6966822D}.Debug|ARM.ActiveCfg = Debug|ARM
		{10667518-D86F-4FAF-9A5C-78BF6966822D}.Debug|ARM.Build.0 = Debug|ARM
		{10667518-D86F-4FAF-9A5C-78BF6966822D}.Debug|ARM64.ActiveCfg = Debug|Win32
		{10667518-D86F-4FAF-9A5C-78BF6966822D}.Debug|x64.ActiveCfg = Debug|x64
		{10667518-D86F-4FAF-9A5C-78BF6966822D}.Debug|x64.Build.0 = Debug|x64
		{10667518-D86F-4FAF-9A5C-78BF6966822D}.Debug|x86.ActiveCfg = Debug|Win32
		{10667518-D86F-4FAF-9A5C-78BF6966822D}.Debug|x86.Build.0 = Debug|Win32
		{10667518-D86F-4FAF-9A5C-78BF6966822D}.Release|Any CPU.ActiveCfg = Release|Win32
		{10667518-D86F-4FAF-9A5C-78BF6966822D}.Release|ARM.ActiveCfg = Release|ARM
		{10667518-D86F-4FAF-9A5C-78BF6966822D}.Release|ARM.Build.0 = Release|ARM
		{10667518-D86F-4FAF-9A5C-78BF6966822D}.Release|ARM64.ActiveCfg = Release|Win32
		{10667518-D86F-4FAF-9A5C-78BF6966822D}.Release|x64.ActiveCfg = Release|x64
		{10667518-D86F-4FAF-9A5C-78BF6966822D}.Release|x64.Build.0 = Release|x64
		{10667518-D86F-4FAF-9A5C-78BF6966822D}.Release|x86.ActiveCfg = Release|Win32
		{10667518-D86F-4FAF-9A5C-78BF6966822D}.Release|x86.Build.0 = Release|Win32
		{61A27F7D-5F46-45B0-8C16-54E86EDA2563}.Debug|Any CPU.ActiveCfg = Debug|Win32
		{61A27F7D-5F46-45B0-8C16-54E86EDA2563}.Debug|ARM.ActiveCfg = Debug|ARM
		{61A27F7D-5F46-45B0-8C16-54E86EDA2563}.Debug|ARM.Build.0 = Debug|ARM
		{61A27F7D-5F46-45B0-8C16-54E86EDA2563}.Debug|ARM64.ActiveCfg = Debug|Win32
		{61A27F7D-5F46-45B0-8C16-54E86EDA2563}.Debug|x64.ActiveCfg = Debug|x64
		{61A27F7D-5F46-45B0-8C16-54E86EDA2563}.Debug|x64.Build.0 = Debug|x64
		{61A27F7D-5F46-45B0-8C16-54E86EDA2563}.Debug|x86.ActiveCfg = Debug|Win32
		{61A27F7D-5F46-45B0-8C16-54E86EDA2563}.Debug|x86.Build.0 = Debug|Win32
		{61A27F7D-5F46-45B0-8C16-54E86EDA2563}.Release|Any CPU.ActiveCfg = Release|Win32
		{61A27F7D-5F46-45B0-8C16-54E86EDA2563}.Release|ARM.ActiveCfg = Release|ARM
		{61A27F7D-5F46-45B0-8C16-54E86EDA2563}.Release|ARM.Build.0 = Release|ARM
		{61A27F7D-5F46-45B0-8C16-54E86EDA2563}.Release|ARM64.ActiveCfg = Release|Win32
		{61A27F7D-5F46-45B0-8C16-54E86EDA2563}.Release|x64.ActiveCfg = Release|x64
		{61A27F7D-5F46-45B0-8C16-54E86EDA2563}.Release|x64.Build.0 = Release|x64
		{61A27F7D-5F46-45B0-8C16-54E86EDA2563}.Release|x86.ActiveCfg = Release|Win32
		{61A27F7D-5F46-45B0-8C16-54E86EDA2563}.Release|x86.Build.0 = Release|Win32
		{D5F8EC52-9052-4A1E-81CA-EA32C414EC11}.Debug|Any CPU.ActiveCfg = Debug|Win32
		{D5F8EC52-9052-4A1E-81CA-EA32C414EC11}.Debug|ARM.ActiveCfg = Debug|ARM
		{D5F8EC52-9052-4A1E-81CA-EA32C414EC11}.Debug|ARM.Build.0 = Debug|ARM
		{D5F8EC52-9052-4A1E-81CA-EA32C414EC11}.Debug|ARM64.ActiveCfg = Debug|Win32
		{D5F8EC52-9052-4A1E-81CA-EA32C414EC11}.Debug|x64.ActiveCfg = Debug|x64
		{D5F8EC52-9052-4A1E-81CA-EA32C414EC11}.Debug|x64.Build.0 = Debug|x64
		{D5F8EC52-9052-4A1E-81CA-EA32C414EC11}.Debug|x86.ActiveCfg = Debug|Win32
		{D5F8EC52-9052-4A1E-81CA-EA32C414EC11}.Debug|x86.Build.0 = Debug|Win32
		{D5F8EC52-9052-4A1E-81CA-EA32C414EC11}.Release|Any CPU.ActiveCfg = Release|Win32
		{D5F8EC52-9052-4A1E-81CA-EA32C414EC11}.Release|ARM.ActiveCfg = Release|ARM
		{D5F8EC52-9052-4A1E-81CA-EA32C414EC11}.Release|ARM.Build.0 = Release|ARM
		{D5F8EC52-9052-4A1E-81CA-EA32C414EC11}.Release|ARM64.ActiveCfg = Release|Win32
		{D5F8EC52-9052-4A1E-81CA-EA32C414EC11}.Release|x64.ActiveCfg = Release|x64
		{D5F8EC52-9052-4A1E-81CA-EA32C414EC11}.Release|x64.Build.0 = Release|x64
		{D5F8EC52-9052-4A1E-81CA-EA32C414EC11}.Release|x86.ActiveCfg = Release|Win32
		{D5F8EC52-9052-4A1E-81CA-EA32C414EC11}.Release|x86.Build.0 = Release|Win32
		{247E9037-20AB-4B03-8F3B-4CB26E12CBAA}.Debug|Any CPU.ActiveCfg = Debug|Win32
		{247E9037-20AB-4B03-8F3B-4CB26E12CBAA}.Debug|ARM.ActiveCfg = Debug|ARM
		{247E9037-20AB-4B03-8F3B-4CB26E12CBAA}.Debug|ARM.Build.0 = Debug|ARM
		{247E9037-20AB-4B03-8F3B-4CB26E12CBAA}.Debug|ARM64.ActiveCfg = Debug|Win32
		{247E9037-20AB-4B03-8F3B-4CB26E12CBAA}.Debug|x64.ActiveCfg = Debug|x64
		{247E9037-20AB-4B03-8F3B-4CB26E12CBAA}.Debug|x64.Build.0 = Debug|x64
		{247E9037-20AB-4B03-8F3B-4CB26E12CBAA}.Debug|x86.ActiveCfg = Debug|Win32
		{247E9037-20AB-4B03-8F3B-4CB26E12CBAA}.Debug|x86.Build.0 = Debug|Win32
		{247E9037-20AB-4B03-8F3B-4CB26E12CBAA}.Release|Any CPU.ActiveCfg = Release|Win32
		{247E9037-20AB-4B03-8F3B-4CB26E12CBAA}.Release|ARM.ActiveCfg = Release|ARM
		{247E9037-20AB-4B03-8F3B-4CB26E12CBAA}.Release|ARM.Build.0 = Release|ARM
		{247E9037-20AB-4B03-8F3B-4CB26E12CBAA}.Release|ARM64.ActiveCfg = Release|Win32
		{247E9037-20AB-4B03-8F3B-4CB26E12CBAA}.Release|x64.ActiveCfg = Release|x64
		{247E9037-20AB-4B03-8F3B-4CB26E12CBAA}.Release|x64.Build.0 = Release|x64
		{247E9037-20AB-4B03-8F3B-4CB26E12CBAA}.Release|x86.ActiveCfg = Release|Win32
		{247E9037-20AB-4B03-8F3B-4CB26E12CBAA}.Release|x86.Build.0 = Release|Win32
		{2BD03EFD-FB01-4F30-AC2A-54DF4E496DB6}.Debug|Any CPU.ActiveCfg = Debug|Win32
		{2BD03EFD-FB01-4F30-AC2A-54DF4E496DB6}.Debug|ARM.ActiveCfg = Debug|ARM
		{2BD03EFD-FB01-4F30-AC2A-54DF4E496DB6}.Debug|ARM.Build.0 = Debug|ARM
		{2BD03EFD-FB01-4F30-AC2A-54DF4E496DB6}.Debug|ARM.Deploy.0 = Debug|ARM
		{2BD03EFD-FB01-4F30-AC2A-54DF4E496DB6}.Debug|ARM64.ActiveCfg = Debug|ARM64
		{2BD03EFD-FB01-4F30-AC2A-54DF4E496DB6}.Debug|ARM64.Build.0 = Debug|ARM64
		{2BD03EFD-FB01-4F30-AC2A-54DF4E496DB6}.Debug|ARM64.Deploy.0 = Debug|ARM64
		{2BD03EFD-FB01-4F30-AC2A-54DF4E496DB6}.Debug|x64.ActiveCfg = Debug|x64
		{2BD03EFD-FB01-4F30-AC2A-54DF4E496DB6}.Debug|x64.Build.0 = Debug|x64
		{2BD03EFD-FB01-4F30-AC2A-54DF4E496DB6}.Debug|x64.Deploy.0 = Debug|x64
		{2BD03EFD-FB01-4F30-AC2A-54DF4E496DB6}.Debug|x86.ActiveCfg = Debug|Win32
		{2BD03EFD-FB01-4F30-AC2A-54DF4E496DB6}.Debug|x86.Build.0 = Debug|Win32
		{2BD03EFD-FB01-4F30-AC2A-54DF4E496DB6}.Debug|x86.Deploy.0 = Debug|Win32
		{2BD03EFD-FB01-4F30-AC2A-54DF4E496DB6}.Release|Any CPU.ActiveCfg = Release|Win32
		{2BD03EFD-FB01-4F30-AC2A-54DF4E496DB6}.Release|ARM.ActiveCfg = Release|ARM
		{2BD03EFD-FB01-4F30-AC2A-54DF4E496DB6}.Release|ARM.Build.0 = Release|ARM
		{2BD03EFD-FB01-4F30-AC2A-54DF4E496DB6}.Release|ARM.Deploy.0 = Release|ARM
		{2BD03EFD-FB01-4F30-AC2A-54DF4E496DB6}.Release|ARM64.ActiveCfg = Release|ARM64
		{2BD03EFD-FB01-4F30-AC2A-54DF4E496DB6}.Release|ARM64.Build.0 = Release|ARM64
		{2BD03EFD-FB01-4F30-AC2A-54DF4E496DB6}.Release|ARM64.Deploy.0 = Release|ARM64
		{2BD03EFD-FB01-4F30-AC2A-54DF4E496DB6}.Release|x64.ActiveCfg = Release|x64
		{2BD03EFD-FB01-4F30-AC2A-54DF4E496DB6}.Release|x64.Build.0 = Release|x64
		{2BD03EFD-FB01-4F30-AC2A-54DF4E496DB6}.Release|x64.Deploy.0 = Release|x64
		{2BD03EFD-FB01-4F30-AC2A-54DF4E496DB6}.Release|x86.ActiveCfg = Release|Win32
		{2BD03EFD-FB01-4F30-AC2A-54DF4E496DB6}.Release|x86.Build.0 = Release|Win32
		{2BD03EFD-FB01-4F30-AC2A-54DF4E496DB6}.Release|x86.Deploy.0 = Release|Win32
		{723A5300-C928-4C08-8C8B-17B189ABF20D}.Debug|Any CPU.ActiveCfg = Debug|Win32
		{723A5300-C928-4C08-8C8B-17B189ABF20D}.Debug|ARM.ActiveCfg = Debug|ARM
		{723A5300-C928-4C08-8C8B-17B189ABF20D}.Debug|ARM.Build.0 = Debug|ARM
		{723A5300-C928-4C08-8C8B-17B189ABF20D}.Debug|ARM.Deploy.0 = Debug|ARM
		{723A5300-C928-4C08-8C8B-17B189ABF20D}.Debug|ARM64.ActiveCfg = Debug|Win32
		{723A5300-C928-4C08-8C8B-17B189ABF20D}.Debug|x64.ActiveCfg = Debug|x64
		{723A5300-C928-4C08-8C8B-17B189ABF20D}.Debug|x64.Build.0 = Debug|x64
		{723A5300-C928-4C08-8C8B-17B189ABF20D}.Debug|x64.Deploy.0 = Debug|x64
		{723A5300-C928-4C08-8C8B-17B189ABF20D}.Debug|x86.ActiveCfg = Debug|Win32
		{723A5300-C928-4C08-8C8B-17B189ABF20D}.Debug|x86.Build.0 = Debug|Win32
		{723A5300-C928-4C08-8C8B-17B189ABF20D}.Debug|x86.Deploy.0 = Debug|Win32
		{723A5300-C928-4C08-8C8B-17B189ABF20D}.Release|Any CPU.ActiveCfg = Release|Win32
		{723A5300-C928-4C08-8C8B-17B189ABF20D}.Release|ARM.ActiveCfg = Release|ARM
		{723A5300-C928-4C08-8C8B-17B189ABF20D}.Release|ARM.Build.0 = Release|ARM
		{723A5300-C928-4C08-8C8B-17B189ABF20D}.Release|ARM.Deploy.0 = Release|ARM
		{723A5300-C928-4C08-8C8B-17B189ABF20D}.Release|ARM64.ActiveCfg = Release|Win32
		{723A5300-C928-4C08-8C8B-17B189ABF20D}.Release|x64.ActiveCfg = Release|x64
		{723A5300-C928-4C08-8C8B-17B189ABF20D}.Release|x64.Build.0 = Release|x64
		{723A5300-C928-4C08-8C8B-17B189ABF20D}.Release|x64.Deploy.0 = Release|x64
		{723A5300-C928-4C08-8C8B-17B189ABF20D}.Release|x86.ActiveCfg = Release|Win32
		{723A5300-C928-4C08-8C8B-17B189ABF20D}.Release|x86.Build.0 = Release|Win32
		{723A5300-C928-4C08-8C8B-17B189ABF20D}.Release|x86.Deploy.0 = Release|Win32
		{EDCA634A-5452-4C65-A717-8D2E26C0A588}.Debug|Any CPU.ActiveCfg = Debug|Win32
		{EDCA634A-5452-4C65-A717-8D2E26C0A588}.Debug|ARM.ActiveCfg = Debug|ARM
		{EDCA634A-5452-4C65-A717-8D2E26C0A588}.Debug|ARM.Build.0 = Debug|ARM
		{EDCA634A-5452-4C65-A717-8D2E26C0A588}.Debug|ARM.Deploy.0 = Debug|ARM
		{EDCA634A-5452-4C65-A717-8D2E26C0A588}.Debug|ARM64.ActiveCfg = Debug|ARM64
		{EDCA634A-5452-4C65-A717-8D2E26C0A588}.Debug|ARM64.Build.0 = Debug|ARM64
		{EDCA634A-5452-4C65-A717-8D2E26C0A588}.Debug|ARM64.Deploy.0 = Debug|ARM64
		{EDCA634A-5452-4C65-A717-8D2E26C0A588}.Debug|x64.ActiveCfg = Debug|x64
		{EDCA634A-5452-4C65-A717-8D2E26C0A588}.Debug|x64.Build.0 = Debug|x64
		{EDCA634A-5452-4C65-A717-8D2E26C0A588}.Debug|x64.Deploy.0 = Debug|x64
		{EDCA634A-5452-4C65-A717-8D2E26C0A588}.Debug|x86.ActiveCfg = Debug|Win32
		{EDCA634A-5452-4C65-A717-8D2E26C0A588}.Debug|x86.Build.0 = Debug|Win32
		{EDCA634A-5452-4C65-A717-8D2E26C0A588}.Debug|x86.Deploy.0 = Debug|Win32
		{EDCA634A-5452-4C65-A717-8D2E26C0A588}.Release|Any CPU.ActiveCfg = Release|Win32
		{EDCA634A-5452-4C65-A717-8D2E26C0A588}.Release|ARM.ActiveCfg = Release|ARM
		{EDCA634A-5452-4C65-A717-8D2E26C0A588}.Release|ARM.Build.0 = Release|ARM
		{EDCA634A-5452-4C65-A717-8D2E26C0A588}.Release|ARM.Deploy.0 = Release|ARM
		{EDCA634A-5452-4C65-A717-8D2E26C0A588}.Release|ARM64.ActiveCfg = Release|ARM64
		{EDCA634A-5452-4C65-A717-8D2E26C0A588}.Release|ARM64.Build.0 = Release|ARM64
		{EDCA634A-5452-4C65-A717-8D2E26C0A588}.Release|ARM64.Deploy.0 = Release|ARM64
		{EDCA634A-5452-4C65-A717-8D2E26C0A588}.Release|x64.ActiveCfg = Release|x64
		{EDCA634A-5452-4C65-A717-8D2E26C0A588}.Release|x64.Build.0 = Release|x64
		{EDCA634A-5452-4C65-A717-8D2E26C0A588}.Release|x64.Deploy.0 = Release|x64
		{EDCA634A-5452-4C65-A717-8D2E26C0A588}.Release|x86.ActiveCfg = Release|Win32
		{EDCA634A-5452-4C65-A717-8D2E26C0A588}.Release|x86.Build.0 = Release|Win32
		{EDCA634A-5452-4C65-A717-8D2E26C0A588}.Release|x86.Deploy.0 = Release|Win32
		{F8F7655F-2088-4CA8-B61C-F241721AD587}.Debug|Any CPU.ActiveCfg = Debug|x86
		{F8F7655F-2088-4CA8-B61C-F241721AD587}.Debug|ARM.ActiveCfg = Debug|ARM
		{F8F7655F-2088-4CA8-B61C-F241721AD587}.Debug|ARM.Build.0 = Debug|ARM
		{F8F7655F-2088-4CA8-B61C-F241721AD587}.Debug|ARM.Deploy.0 = Debug|ARM
		{F8F7655F-2088-4CA8-B61C-F241721AD587}.Debug|ARM64.ActiveCfg = Debug|ARM64
		{F8F7655F-2088-4CA8-B61C-F241721AD587}.Debug|ARM64.Build.0 = Debug|ARM64
		{F8F7655F-2088-4CA8-B61C-F241721AD587}.Debug|ARM64.Deploy.0 = Debug|ARM64
		{F8F7655F-2088-4CA8-B61C-F241721AD587}.Debug|x64.ActiveCfg = Debug|x64
		{F8F7655F-2088-4CA8-B61C-F241721AD587}.Debug|x64.Build.0 = Debug|x64
		{F8F7655F-2088-4CA8-B61C-F241721AD587}.Debug|x64.Deploy.0 = Debug|x64
		{F8F7655F-2088-4CA8-B61C-F241721AD587}.Debug|x86.ActiveCfg = Debug|x86
		{F8F7655F-2088-4CA8-B61C-F241721AD587}.Debug|x86.Build.0 = Debug|x86
		{F8F7655F-2088-4CA8-B61C-F241721AD587}.Debug|x86.Deploy.0 = Debug|x86
		{F8F7655F-2088-4CA8-B61C-F241721AD587}.Release|Any CPU.ActiveCfg = Release|x86
		{F8F7655F-2088-4CA8-B61C-F241721AD587}.Release|ARM.ActiveCfg = Release|ARM
		{F8F7655F-2088-4CA8-B61C-F241721AD587}.Release|ARM.Build.0 = Release|ARM
		{F8F7655F-2088-4CA8-B61C-F241721AD587}.Release|ARM.Deploy.0 = Release|ARM
		{F8F7655F-2088-4CA8-B61C-F241721AD587}.Release|ARM64.ActiveCfg = Release|ARM64
		{F8F7655F-2088-4CA8-B61C-F241721AD587}.Release|ARM64.Build.0 = Release|ARM64
		{F8F7655F-2088-4CA8-B61C-F241721AD587}.Release|ARM64.Deploy.0 = Release|ARM64
		{F8F7655F-2088-4CA8-B61C-F241721AD587}.Release|x64.ActiveCfg = Release|x64
		{F8F7655F-2088-4CA8-B61C-F241721AD587}.Release|x64.Build.0 = Release|x64
		{F8F7655F-2088-4CA8-B61C-F241721AD587}.Release|x64.Deploy.0 = Release|x64
		{F8F7655F-2088-4CA8-B61C-F241721AD587}.Release|x86.ActiveCfg = Release|x86
		{F8F7655F-2088-4CA8-B61C-F241721AD587}.Release|x86.Build.0 = Release|x86
		{F8F7655F-2088-4CA8-B61C-F241721AD587}.Release|x86.Deploy.0 = Release|x86
		{78588705-9BA1-4BB1-A588-A99A8EFE46F9}.Debug|Any CPU.ActiveCfg = Debug|x86
		{78588705-9BA1-4BB1-A588-A99A8EFE46F9}.Debug|ARM.ActiveCfg = Debug|ARM
		{78588705-9BA1-4BB1-A588-A99A8EFE46F9}.Debug|ARM.Build.0 = Debug|ARM
		{78588705-9BA1-4BB1-A588-A99A8EFE46F9}.Debug|ARM.Deploy.0 = Debug|ARM
		{78588705-9BA1-4BB1-A588-A99A8EFE46F9}.Debug|ARM64.ActiveCfg = Debug|ARM64
		{78588705-9BA1-4BB1-A588-A99A8EFE46F9}.Debug|ARM64.Build.0 = Debug|ARM64
		{78588705-9BA1-4BB1-A588-A99A8EFE46F9}.Debug|ARM64.Deploy.0 = Debug|ARM64
		{78588705-9BA1-4BB1-A588-A99A8EFE46F9}.Debug|x64.ActiveCfg = Debug|x64
		{78588705-9BA1-4BB1-A588-A99A8EFE46F9}.Debug|x64.Build.0 = Debug|x64
		{78588705-9BA1-4BB1-A588-A99A8EFE46F9}.Debug|x64.Deploy.0 = Debug|x64
		{78588705-9BA1-4BB1-A588-A99A8EFE46F9}.Debug|x86.ActiveCfg = Debug|x86
		{78588705-9BA1-4BB1-A588-A99A8EFE46F9}.Debug|x86.Build.0 = Debug|x86
		{78588705-9BA1-4BB1-A588-A99A8EFE46F9}.Debug|x86.Deploy.0 = Debug|x86
		{78588705-9BA1-4BB1-A588-A99A8EFE46F9}.Release|Any CPU.ActiveCfg = Release|x86
		{78588705-9BA1-4BB1-A588-A99A8EFE46F9}.Release|ARM.ActiveCfg = Release|ARM
		{78588705-9BA1-4BB1-A588-A99A8EFE46F9}.Release|ARM.Build.0 = Release|ARM
		{78588705-9BA1-4BB1-A588-A99A8EFE46F9}.Release|ARM.Deploy.0 = Release|ARM
		{78588705-9BA1-4BB1-A588-A99A8EFE46F9}.Release|ARM64.ActiveCfg = Release|ARM64
		{78588705-9BA1-4BB1-A588-A99A8EFE46F9}.Release|ARM64.Build.0 = Release|ARM64
		{78588705-9BA1-4BB1-A588-A99A8EFE46F9}.Release|ARM64.Deploy.0 = Release|ARM64
		{78588705-9BA1-4BB1-A588-A99A8EFE46F9}.Release|x64.ActiveCfg = Release|x64
		{78588705-9BA1-4BB1-A588-A99A8EFE46F9}.Release|x64.Build.0 = Release|x64
		{78588705-9BA1-4BB1-A588-A99A8EFE46F9}.Release|x64.Deploy.0 = Release|x64
		{78588705-9BA1-4BB1-A588-A99A8EFE46F9}.Release|x86.ActiveCfg = Release|x86
		{78588705-9BA1-4BB1-A588-A99A8EFE46F9}.Release|x86.Build.0 = Release|x86
		{78588705-9BA1-4BB1-A588-A99A8EFE46F9}.Release|x86.Deploy.0 = Release|x86
	EndGlobalSection
	GlobalSection(SolutionProperties) = preSolution
		HideSolutionNode = FALSE
	EndGlobalSection
	GlobalSection(NestedProjects) = preSolution
		{2BD03EFD-FB01-4F30-AC2A-54DF4E496DB6} = {6C38A12A-8D5C-4D44-9668-5668B1E737B5}
		{723A5300-C928-4C08-8C8B-17B189ABF20D} = {6C38A12A-8D5C-4D44-9668-5668B1E737B5}
		{EDCA634A-5452-4C65-A717-8D2E26C0A588} = {6C38A12A-8D5C-4D44-9668-5668B1E737B5}
		{F8F7655F-2088-4CA8-B61C-F241721AD587} = {6C38A12A-8D5C-4D44-9668-5668B1E737B5}
		{78588705-9BA1-4BB1-A588-A99A8EFE46F9} = {AC65AAA5-BAEF-4715-8276-3D3E3E2D2E74}
		{775AA850-7C18-4FAA-AE27-B6E06FE18BD4} = {9718F640-752B-4ABA-9F50-C436F93092F6}
		{0FAE883C-7C9D-4E89-92F9-6F8C089CD8FC} = {9718F640-752B-4ABA-9F50-C436F93092F6}
		{16173FAD-3448-497F-9A65-F3070F7F3255} = {9718F640-752B-4ABA-9F50-C436F93092F6}
		{2309D387-6A17-4E9E-87D4-B85CFEC32706} = {9718F640-752B-4ABA-9F50-C436F93092F6}
	EndGlobalSection
	GlobalSection(ExtensibilityGlobals) = postSolution
		SolutionGuid = {A08B76B9-FEFF-4534-9D3E-580AA23B371B}
	EndGlobalSection
EndGlobal
