
Microsoft Visual Studio Solution File, Format Version 12.00
# Visual Studio 15
VisualStudioVersion = 15.0.28307.102
MinimumVisualStudioVersion = 10.0.40219.1
Project("{8BC9CEB8-8B4A-11D0-8D11-00A0C91BC942}") = "QGL_Content", "QGL_Content\QGL_Content.vcxproj", "{10667518-D86F-4FAF-9A5C-78BF6966822D}"
	ProjectSection(ProjectDependencies) = postProject
		{D5F8EC52-9052-4A1E-81CA-EA32C414EC11} = {D5F8EC52-9052-4A1E-81CA-EA32C414EC11}
	EndProjectSection
EndProject
Project("{8BC9CEB8-8B4A-11D0-8D11-00A0C91BC942}") = "QGL_Graphics", "QGL_Graphics\QGL_Graphics.vcxproj", "{61A27F7D-5F46-45B0-8C16-54E86EDA2563}"
	ProjectSection(ProjectDependencies) = postProject
		{10667518-D86F-4FAF-9A5C-78BF6966822D} = {10667518-D86F-4FAF-9A5C-78BF6966822D}
		{D5F8EC52-9052-4A1E-81CA-EA32C414EC11} = {D5F8EC52-9052-4A1E-81CA-EA32C414EC11}
	EndProjectSection
EndProject
Project("{8BC9CEB8-8B4A-11D0-8D11-00A0C91BC942}") = "QGL_Model", "QGL_Model\QGL_Model.vcxproj", "{D5F8EC52-9052-4A1E-81CA-EA32C414EC11}"
EndProject
Project("{2150E333-8FDC-42A3-9474-1A3956D46DE8}") = "Tests", "Tests", "{6C38A12A-8D5C-4D44-9668-5668B1E737B5}"
EndProject
Project("{2150E333-8FDC-42A3-9474-1A3956D46DE8}") = "Tools", "Tools", "{AC65AAA5-BAEF-4715-8276-3D3E3E2D2E74}"
EndProject
Project("{8BC9CEB8-8B4A-11D0-8D11-00A0C91BC942}") = "QGL_Model_Unit_Tests", "Tests\QGL_Model_Unit_Tests\QGL_Model_Unit_Tests.vcxproj", "{2BD03EFD-FB01-4F30-AC2A-54DF4E496DB6}"
EndProject
Project("{8BC9CEB8-8B4A-11D0-8D11-00A0C91BC942}") = "QGL_Content.UnitTests", "Tests\QGL_Content.UnitTests\QGL_Content.UnitTests.vcxproj", "{EDCA634A-5452-4C65-A717-8D2E26C0A588}"
EndProject
Project("{2150E333-8FDC-42A3-9474-1A3956D46DE8}") = "Docs", "Docs", "{9718F640-752B-4ABA-9F50-C436F93092F6}"
	ProjectSection(SolutionItems) = preProject
		Docs\Bootstrapper File.md = Docs\Bootstrapper File.md
		Docs\Error-Handling.md = Docs\Error-Handling.md
	EndProjectSection
EndProject
Project("{2150E333-8FDC-42A3-9474-1A3956D46DE8}") = "Content Files", "Content Files", "{775AA850-7C18-4FAA-AE27-B6E06FE18BD4}"
	ProjectSection(SolutionItems) = preProject
		Docs\Content Files\Blender-File.md = Docs\Content Files\Blender-File.md
		Docs\Content Files\Brush-file.md = Docs\Content Files\Brush-file.md
		Docs\Content Files\Camera-File.md = Docs\Content Files\Camera-File.md
		Docs\Content Files\DepthStencil-File.md = Docs\Content Files\DepthStencil-File.md
		Docs\Content Files\FrameConfig-File.md = Docs\Content Files\FrameConfig-File.md
		Docs\Content Files\GraphicsConfig-File.md = Docs\Content Files\GraphicsConfig-File.md
		Docs\Content Files\Light-File.md = Docs\Content Files\Light-File.md
		Docs\Content Files\Model-File.md = Docs\Content Files\Model-File.md
		Docs\Content Files\MultisampleDesc-File.md = Docs\Content Files\MultisampleDesc-File.md
		Docs\Content Files\PSO-File.md = Docs\Content Files\PSO-File.md
		Docs\Content Files\Rasterizer-File.md = Docs\Content Files\Rasterizer-File.md
		Docs\Content Files\README.md = Docs\Content Files\README.md
		Docs\Content Files\Sampler-File.md = Docs\Content Files\Sampler-File.md
		Docs\Content Files\Shader-File.md = Docs\Content Files\Shader-File.md
		Docs\Content Files\String-File.md = Docs\Content Files\String-File.md
		Docs\Content Files\TextFormat-File.md = Docs\Content Files\TextFormat-File.md
		Docs\Content Files\Texture-File.md = Docs\Content Files\Texture-File.md
		Docs\Content Files\VertexDescription-File.md = Docs\Content Files\VertexDescription-File.md
		Docs\Content Files\WString-File.md = Docs\Content Files\WString-File.md
		Docs\Content Files\WText-File.md = Docs\Content Files\WText-File.md
	EndProjectSection
EndProject
Project("{2150E333-8FDC-42A3-9474-1A3956D46DE8}") = "Content Importers", "Content Importers", "{0FAE883C-7C9D-4E89-92F9-6F8C089CD8FC}"
	ProjectSection(SolutionItems) = preProject
		Docs\Content Importers\Array-Importer.md = Docs\Content Importers\Array-Importer.md
		Docs\Content Importers\Blender-Importer.md = Docs\Content Importers\Blender-Importer.md
		Docs\Content Importers\BrushBuffer-Importer.md = Docs\Content Importers\BrushBuffer-Importer.md
		Docs\Content Importers\CameraBuffer-Importer.md = Docs\Content Importers\CameraBuffer-Importer.md
		Docs\Content Importers\DepthStencilBuffer-Importer.md = Docs\Content Importers\DepthStencilBuffer-Importer.md
		Docs\Content Importers\Floating-Importer.md = Docs\Content Importers\Floating-Importer.md
		Docs\Content Importers\GraphicsConfigBuffer-Importer.md = Docs\Content Importers\GraphicsConfigBuffer-Importer.md
		Docs\Content Importers\Integral-Importer.md = Docs\Content Importers\Integral-Importer.md
		Docs\Content Importers\LightBuffer-Importer.md = Docs\Content Importers\LightBuffer-Importer.md
		Docs\Content Importers\MultisampleDesc-Importer.md = Docs\Content Importers\MultisampleDesc-Importer.md
		Docs\Content Importers\OBJ-Importer.md = Docs\Content Importers\OBJ-Importer.md
		Docs\Content Importers\Rasterizer-Importer.md = Docs\Content Importers\Rasterizer-Importer.md
		Docs\Content Importers\Rectangle-Importer.md = Docs\Content Importers\Rectangle-Importer.md
		Docs\Content Importers\SamplerBuffer-Importer.md = Docs\Content Importers\SamplerBuffer-Importer.md
		Docs\Content Importers\Shader-Importer.md = Docs\Content Importers\Shader-Importer.md
		Docs\Content Importers\String-Importer.md = Docs\Content Importers\String-Importer.md
		Docs\Content Importers\VertexDescription-Importer.md = Docs\Content Importers\VertexDescription-Importer.md
		Docs\Content Importers\VertexT-Importer.md = Docs\Content Importers\VertexT-Importer.md
		Docs\Content Importers\WString-Importer.md = Docs\Content Importers\WString-Importer.md
	EndProjectSection
EndProject
Project("{2150E333-8FDC-42A3-9474-1A3956D46DE8}") = "Style", "Style", "{16173FAD-3448-497F-9A65-F3070F7F3255}"
	ProjectSection(SolutionItems) = preProject
		Docs\Style\Comments.md = Docs\Style\Comments.md
		Docs\Style\Naming.md = Docs\Style\Naming.md
		Docs\Style\Spacing.md = Docs\Style\Spacing.md
	EndProjectSection
EndProject
Project("{2150E333-8FDC-42A3-9474-1A3956D46DE8}") = "Interfaces", "Interfaces", "{2309D387-6A17-4E9E-87D4-B85CFEC32706}"
	ProjectSection(SolutionItems) = preProject
		Docs\Interfaces\Interface-Design.md = Docs\Interfaces\Interface-Design.md
	EndProjectSection
EndProject
Project("{2150E333-8FDC-42A3-9474-1A3956D46DE8}") = "Solution Items", "Solution Items", "{A639250A-2E85-45DA-8FE3-9A6D9E78F8AB}"
	ProjectSection(SolutionItems) = preProject
		CPP Editor Settings.vssettings = CPP Editor Settings.vssettings
		README.md = README.md
	EndProjectSection
EndProject
Project("{8BC9CEB8-8B4A-11D0-8D11-00A0C91BC942}") = "QGL_Math", "QGL_Math\QGL_Math.vcxproj", "{E6D80F1D-9959-4848-9D33-3B43211B0FC6}"
EndProject
Project("{8BC9CEB8-8B4A-11D0-8D11-00A0C91BC942}") = "QGL_Math.UnitTests", "Tests\QGL_Math.UnitTests\QGL_Math.UnitTests.vcxproj", "{25424814-E8C3-42F7-8D26-5744799A4ED1}"
EndProject
Project("{2150E333-8FDC-42A3-9474-1A3956D46DE8}") = "Content Builder", "Content Builder", "{C8F6A931-337B-4857-99C4-81C720FD2825}"
	ProjectSection(SolutionItems) = preProject
		Docs\Content Builder\cbuild-Flow.docx = Docs\Content Builder\cbuild-Flow.docx
		Docs\Content Builder\cbuild.md = Docs\Content Builder\cbuild.md
	EndProjectSection
EndProject
Global
	GlobalSection(SolutionConfigurationPlatforms) = preSolution
		Debug|Any CPU = Debug|Any CPU
		Debug|ARM = Debug|ARM
		Debug|ARM64 = Debug|ARM64
		Debug|x64 = Debug|x64
		Release|Any CPU = Release|Any CPU
		Release|ARM = Release|ARM
		Release|ARM64 = Release|ARM64
		Release|x64 = Release|x64
	EndGlobalSection
	GlobalSection(ProjectConfigurationPlatforms) = postSolution
		{10667518-D86F-4FAF-9A5C-78BF6966822D}.Debug|Any CPU.ActiveCfg = Debug|x64
		{10667518-D86F-4FAF-9A5C-78BF6966822D}.Debug|ARM.ActiveCfg = Debug|ARM
		{10667518-D86F-4FAF-9A5C-78BF6966822D}.Debug|ARM.Build.0 = Debug|ARM
		{10667518-D86F-4FAF-9A5C-78BF6966822D}.Debug|ARM64.ActiveCfg = Debug|x64
		{10667518-D86F-4FAF-9A5C-78BF6966822D}.Debug|x64.ActiveCfg = Debug|x64
		{10667518-D86F-4FAF-9A5C-78BF6966822D}.Debug|x64.Build.0 = Debug|x64
		{10667518-D86F-4FAF-9A5C-78BF6966822D}.Release|Any CPU.ActiveCfg = Release|x64
		{10667518-D86F-4FAF-9A5C-78BF6966822D}.Release|ARM.ActiveCfg = Release|ARM
		{10667518-D86F-4FAF-9A5C-78BF6966822D}.Release|ARM.Build.0 = Release|ARM
		{10667518-D86F-4FAF-9A5C-78BF6966822D}.Release|ARM64.ActiveCfg = Release|x64
		{10667518-D86F-4FAF-9A5C-78BF6966822D}.Release|x64.ActiveCfg = Release|x64
		{10667518-D86F-4FAF-9A5C-78BF6966822D}.Release|x64.Build.0 = Release|x64
		{61A27F7D-5F46-45B0-8C16-54E86EDA2563}.Debug|Any CPU.ActiveCfg = Debug|x64
		{61A27F7D-5F46-45B0-8C16-54E86EDA2563}.Debug|ARM.ActiveCfg = Debug|ARM
		{61A27F7D-5F46-45B0-8C16-54E86EDA2563}.Debug|ARM.Build.0 = Debug|ARM
		{61A27F7D-5F46-45B0-8C16-54E86EDA2563}.Debug|ARM64.ActiveCfg = Debug|x64
		{61A27F7D-5F46-45B0-8C16-54E86EDA2563}.Debug|x64.ActiveCfg = Debug|x64
		{61A27F7D-5F46-45B0-8C16-54E86EDA2563}.Debug|x64.Build.0 = Debug|x64
		{61A27F7D-5F46-45B0-8C16-54E86EDA2563}.Release|Any CPU.ActiveCfg = Release|x64
		{61A27F7D-5F46-45B0-8C16-54E86EDA2563}.Release|ARM.ActiveCfg = Release|ARM
		{61A27F7D-5F46-45B0-8C16-54E86EDA2563}.Release|ARM.Build.0 = Release|ARM
		{61A27F7D-5F46-45B0-8C16-54E86EDA2563}.Release|ARM64.ActiveCfg = Release|x64
		{61A27F7D-5F46-45B0-8C16-54E86EDA2563}.Release|x64.ActiveCfg = Release|x64
		{61A27F7D-5F46-45B0-8C16-54E86EDA2563}.Release|x64.Build.0 = Release|x64
		{D5F8EC52-9052-4A1E-81CA-EA32C414EC11}.Debug|Any CPU.ActiveCfg = Debug|x64
		{D5F8EC52-9052-4A1E-81CA-EA32C414EC11}.Debug|ARM.ActiveCfg = Debug|ARM
		{D5F8EC52-9052-4A1E-81CA-EA32C414EC11}.Debug|ARM.Build.0 = Debug|ARM
		{D5F8EC52-9052-4A1E-81CA-EA32C414EC11}.Debug|ARM64.ActiveCfg = Debug|x64
		{D5F8EC52-9052-4A1E-81CA-EA32C414EC11}.Debug|x64.ActiveCfg = Debug|x64
		{D5F8EC52-9052-4A1E-81CA-EA32C414EC11}.Debug|x64.Build.0 = Debug|x64
		{D5F8EC52-9052-4A1E-81CA-EA32C414EC11}.Release|Any CPU.ActiveCfg = Release|x64
		{D5F8EC52-9052-4A1E-81CA-EA32C414EC11}.Release|ARM.ActiveCfg = Release|ARM
		{D5F8EC52-9052-4A1E-81CA-EA32C414EC11}.Release|ARM.Build.0 = Release|ARM
		{D5F8EC52-9052-4A1E-81CA-EA32C414EC11}.Release|ARM64.ActiveCfg = Release|x64
		{D5F8EC52-9052-4A1E-81CA-EA32C414EC11}.Release|x64.ActiveCfg = Release|x64
		{D5F8EC52-9052-4A1E-81CA-EA32C414EC11}.Release|x64.Build.0 = Release|x64
		{2BD03EFD-FB01-4F30-AC2A-54DF4E496DB6}.Debug|Any CPU.ActiveCfg = Debug|x64
		{2BD03EFD-FB01-4F30-AC2A-54DF4E496DB6}.Debug|ARM.ActiveCfg = Debug|ARM
		{2BD03EFD-FB01-4F30-AC2A-54DF4E496DB6}.Debug|ARM.Build.0 = Debug|ARM
		{2BD03EFD-FB01-4F30-AC2A-54DF4E496DB6}.Debug|ARM.Deploy.0 = Debug|ARM
		{2BD03EFD-FB01-4F30-AC2A-54DF4E496DB6}.Debug|ARM64.ActiveCfg = Debug|ARM64
		{2BD03EFD-FB01-4F30-AC2A-54DF4E496DB6}.Debug|ARM64.Build.0 = Debug|ARM64
		{2BD03EFD-FB01-4F30-AC2A-54DF4E496DB6}.Debug|ARM64.Deploy.0 = Debug|ARM64
		{2BD03EFD-FB01-4F30-AC2A-54DF4E496DB6}.Debug|x64.ActiveCfg = Debug|x64
		{2BD03EFD-FB01-4F30-AC2A-54DF4E496DB6}.Debug|x64.Build.0 = Debug|x64
		{2BD03EFD-FB01-4F30-AC2A-54DF4E496DB6}.Debug|x64.Deploy.0 = Debug|x64
		{2BD03EFD-FB01-4F30-AC2A-54DF4E496DB6}.Release|Any CPU.ActiveCfg = Release|x64
		{2BD03EFD-FB01-4F30-AC2A-54DF4E496DB6}.Release|ARM.ActiveCfg = Release|ARM
		{2BD03EFD-FB01-4F30-AC2A-54DF4E496DB6}.Release|ARM.Build.0 = Release|ARM
		{2BD03EFD-FB01-4F30-AC2A-54DF4E496DB6}.Release|ARM.Deploy.0 = Release|ARM
		{2BD03EFD-FB01-4F30-AC2A-54DF4E496DB6}.Release|ARM64.ActiveCfg = Release|ARM64
		{2BD03EFD-FB01-4F30-AC2A-54DF4E496DB6}.Release|ARM64.Build.0 = Release|ARM64
		{2BD03EFD-FB01-4F30-AC2A-54DF4E496DB6}.Release|ARM64.Deploy.0 = Release|ARM64
		{2BD03EFD-FB01-4F30-AC2A-54DF4E496DB6}.Release|x64.ActiveCfg = Release|x64
		{2BD03EFD-FB01-4F30-AC2A-54DF4E496DB6}.Release|x64.Build.0 = Release|x64
		{2BD03EFD-FB01-4F30-AC2A-54DF4E496DB6}.Release|x64.Deploy.0 = Release|x64
		{EDCA634A-5452-4C65-A717-8D2E26C0A588}.Debug|Any CPU.ActiveCfg = Debug|x64
		{EDCA634A-5452-4C65-A717-8D2E26C0A588}.Debug|ARM.ActiveCfg = Debug|ARM
		{EDCA634A-5452-4C65-A717-8D2E26C0A588}.Debug|ARM.Build.0 = Debug|ARM
		{EDCA634A-5452-4C65-A717-8D2E26C0A588}.Debug|ARM.Deploy.0 = Debug|ARM
		{EDCA634A-5452-4C65-A717-8D2E26C0A588}.Debug|ARM64.ActiveCfg = Debug|ARM64
		{EDCA634A-5452-4C65-A717-8D2E26C0A588}.Debug|ARM64.Build.0 = Debug|ARM64
		{EDCA634A-5452-4C65-A717-8D2E26C0A588}.Debug|ARM64.Deploy.0 = Debug|ARM64
		{EDCA634A-5452-4C65-A717-8D2E26C0A588}.Debug|x64.ActiveCfg = Debug|x64
		{EDCA634A-5452-4C65-A717-8D2E26C0A588}.Debug|x64.Build.0 = Debug|x64
		{EDCA634A-5452-4C65-A717-8D2E26C0A588}.Debug|x64.Deploy.0 = Debug|x64
		{EDCA634A-5452-4C65-A717-8D2E26C0A588}.Release|Any CPU.ActiveCfg = Release|x64
		{EDCA634A-5452-4C65-A717-8D2E26C0A588}.Release|ARM.ActiveCfg = Release|ARM
		{EDCA634A-5452-4C65-A717-8D2E26C0A588}.Release|ARM.Build.0 = Release|ARM
		{EDCA634A-5452-4C65-A717-8D2E26C0A588}.Release|ARM.Deploy.0 = Release|ARM
		{EDCA634A-5452-4C65-A717-8D2E26C0A588}.Release|ARM64.ActiveCfg = Release|ARM64
		{EDCA634A-5452-4C65-A717-8D2E26C0A588}.Release|ARM64.Build.0 = Release|ARM64
		{EDCA634A-5452-4C65-A717-8D2E26C0A588}.Release|ARM64.Deploy.0 = Release|ARM64
		{EDCA634A-5452-4C65-A717-8D2E26C0A588}.Release|x64.ActiveCfg = Release|x64
		{EDCA634A-5452-4C65-A717-8D2E26C0A588}.Release|x64.Build.0 = Release|x64
		{EDCA634A-5452-4C65-A717-8D2E26C0A588}.Release|x64.Deploy.0 = Release|x64
		{E6D80F1D-9959-4848-9D33-3B43211B0FC6}.Debug|Any CPU.ActiveCfg = Debug|x64
		{E6D80F1D-9959-4848-9D33-3B43211B0FC6}.Debug|ARM.ActiveCfg = Debug|ARM
		{E6D80F1D-9959-4848-9D33-3B43211B0FC6}.Debug|ARM.Build.0 = Debug|ARM
		{E6D80F1D-9959-4848-9D33-3B43211B0FC6}.Debug|ARM64.ActiveCfg = Debug|x64
		{E6D80F1D-9959-4848-9D33-3B43211B0FC6}.Debug|x64.ActiveCfg = Debug|x64
		{E6D80F1D-9959-4848-9D33-3B43211B0FC6}.Debug|x64.Build.0 = Debug|x64
		{E6D80F1D-9959-4848-9D33-3B43211B0FC6}.Release|Any CPU.ActiveCfg = Release|x64
		{E6D80F1D-9959-4848-9D33-3B43211B0FC6}.Release|ARM.ActiveCfg = Release|ARM
		{E6D80F1D-9959-4848-9D33-3B43211B0FC6}.Release|ARM.Build.0 = Release|ARM
		{E6D80F1D-9959-4848-9D33-3B43211B0FC6}.Release|ARM64.ActiveCfg = Release|x64
		{E6D80F1D-9959-4848-9D33-3B43211B0FC6}.Release|x64.ActiveCfg = Release|x64
		{E6D80F1D-9959-4848-9D33-3B43211B0FC6}.Release|x64.Build.0 = Release|x64
		{25424814-E8C3-42F7-8D26-5744799A4ED1}.Debug|Any CPU.ActiveCfg = Debug|x64
		{25424814-E8C3-42F7-8D26-5744799A4ED1}.Debug|ARM.ActiveCfg = Debug|ARM
		{25424814-E8C3-42F7-8D26-5744799A4ED1}.Debug|ARM.Build.0 = Debug|ARM
		{25424814-E8C3-42F7-8D26-5744799A4ED1}.Debug|ARM.Deploy.0 = Debug|ARM
		{25424814-E8C3-42F7-8D26-5744799A4ED1}.Debug|ARM64.ActiveCfg = Debug|ARM64
		{25424814-E8C3-42F7-8D26-5744799A4ED1}.Debug|ARM64.Build.0 = Debug|ARM64
		{25424814-E8C3-42F7-8D26-5744799A4ED1}.Debug|ARM64.Deploy.0 = Debug|ARM64
		{25424814-E8C3-42F7-8D26-5744799A4ED1}.Debug|x64.ActiveCfg = Debug|x64
		{25424814-E8C3-42F7-8D26-5744799A4ED1}.Debug|x64.Build.0 = Debug|x64
		{25424814-E8C3-42F7-8D26-5744799A4ED1}.Debug|x64.Deploy.0 = Debug|x64
		{25424814-E8C3-42F7-8D26-5744799A4ED1}.Release|Any CPU.ActiveCfg = Release|x64
		{25424814-E8C3-42F7-8D26-5744799A4ED1}.Release|ARM.ActiveCfg = Release|ARM
		{25424814-E8C3-42F7-8D26-5744799A4ED1}.Release|ARM.Build.0 = Release|ARM
		{25424814-E8C3-42F7-8D26-5744799A4ED1}.Release|ARM.Deploy.0 = Release|ARM
		{25424814-E8C3-42F7-8D26-5744799A4ED1}.Release|ARM64.ActiveCfg = Release|ARM64
		{25424814-E8C3-42F7-8D26-5744799A4ED1}.Release|ARM64.Build.0 = Release|ARM64
		{25424814-E8C3-42F7-8D26-5744799A4ED1}.Release|ARM64.Deploy.0 = Release|ARM64
		{25424814-E8C3-42F7-8D26-5744799A4ED1}.Release|x64.ActiveCfg = Release|x64
		{25424814-E8C3-42F7-8D26-5744799A4ED1}.Release|x64.Build.0 = Release|x64
		{25424814-E8C3-42F7-8D26-5744799A4ED1}.Release|x64.Deploy.0 = Release|x64
	EndGlobalSection
	GlobalSection(SolutionProperties) = preSolution
		HideSolutionNode = FALSE
	EndGlobalSection
	GlobalSection(NestedProjects) = preSolution
		{2BD03EFD-FB01-4F30-AC2A-54DF4E496DB6} = {6C38A12A-8D5C-4D44-9668-5668B1E737B5}
		{EDCA634A-5452-4C65-A717-8D2E26C0A588} = {6C38A12A-8D5C-4D44-9668-5668B1E737B5}
		{775AA850-7C18-4FAA-AE27-B6E06FE18BD4} = {9718F640-752B-4ABA-9F50-C436F93092F6}
		{0FAE883C-7C9D-4E89-92F9-6F8C089CD8FC} = {9718F640-752B-4ABA-9F50-C436F93092F6}
		{16173FAD-3448-497F-9A65-F3070F7F3255} = {9718F640-752B-4ABA-9F50-C436F93092F6}
		{2309D387-6A17-4E9E-87D4-B85CFEC32706} = {9718F640-752B-4ABA-9F50-C436F93092F6}
		{25424814-E8C3-42F7-8D26-5744799A4ED1} = {6C38A12A-8D5C-4D44-9668-5668B1E737B5}
		{C8F6A931-337B-4857-99C4-81C720FD2825} = {9718F640-752B-4ABA-9F50-C436F93092F6}
	EndGlobalSection
	GlobalSection(ExtensibilityGlobals) = postSolution
		SolutionGuid = {A08B76B9-FEFF-4534-9D3E-580AA23B371B}
	EndGlobalSection
EndGlobal
