<?xml version="1.0" encoding="utf-8"?>
<Project ToolsVersion="15.0" xmlns="http://schemas.microsoft.com/developer/msbuild/2003">
  <ItemGroup>
    <Filter Include="Resources">
      <UniqueIdentifier>accd3aa8-1ba0-4223-9bbe-0c431709210b</UniqueIdentifier>
      <Extensions>rc;ico;cur;bmp;dlg;rc2;rct;bin;rgs;gif;jpg;jpeg;jpe;resx;tga;tiff;tif;png;wav;mfcribbon-ms</Extensions>
    </Filter>
    <Filter Include="Generated Files">
      <UniqueIdentifier>{926ab91d-31b4-48c3-b9a4-e681349f27f0}</UniqueIdentifier>
    </Filter>
    <Filter Include="Header Files">
      <UniqueIdentifier>{04a64ad4-5945-489b-9f14-27e42bc39884}</UniqueIdentifier>
    </Filter>
    <Filter Include="Source Files">
      <UniqueIdentifier>{9bae26a2-7fc3-4d19-b085-13077c8f4c7c}</UniqueIdentifier>
    </Filter>
    <Filter Include="win_rt">
      <UniqueIdentifier>{f97415cd-74b8-45d7-8d5e-396baac721b1}</UniqueIdentifier>
    </Filter>
    <Filter Include="Header Files\Components">
      <UniqueIdentifier>{b589e34b-fd53-4573-a05a-1f693aec252c}</UniqueIdentifier>
    </Filter>
    <Filter Include="Header Files\Timing">
      <UniqueIdentifier>{1a79a779-d2d7-4629-8d47-7f97be484b93}</UniqueIdentifier>
    </Filter>
    <Filter Include="Header Files\Observer Observable">
      <UniqueIdentifier>{da0dbba1-24ee-440d-ab49-303fb19411e5}</UniqueIdentifier>
    </Filter>
    <Filter Include="Header Files\Memory">
      <UniqueIdentifier>{9675b492-4eee-4393-b547-f01aa5aca065}</UniqueIdentifier>
    </Filter>
    <Filter Include="Header Files\Interfaces">
      <UniqueIdentifier>{ca2b5dc4-045b-45e2-9c54-c02b0e26146a}</UniqueIdentifier>
    </Filter>
    <Filter Include="Source Files\Interfaces">
      <UniqueIdentifier>{1904813c-45f7-43fd-aa9a-4e494fd468a2}</UniqueIdentifier>
    </Filter>
    <Filter Include="Header Files\Structures">
      <UniqueIdentifier>{7d59c5f2-5850-480a-abda-27633485f7d5}</UniqueIdentifier>
    </Filter>
    <Filter Include="Source Files\Memory">
      <UniqueIdentifier>{b847a9b5-277b-4fcd-987a-55df081bbf08}</UniqueIdentifier>
    </Filter>
    <Filter Include="Header Files\Memory\Heaps">
      <UniqueIdentifier>{febffe33-f4fd-4eae-8c53-9258af9d898b}</UniqueIdentifier>
    </Filter>
    <Filter Include="Header Files\Memory\Allocators">
      <UniqueIdentifier>{3b43a553-3610-4102-84db-4d98968c3695}</UniqueIdentifier>
    </Filter>
  </ItemGroup>
  <ItemGroup>
    <ClInclude Include="QGLModel.h">
      <Filter>Header Files</Filter>
    </ClInclude>
    <ClInclude Include="pch.h">
      <Filter>Header Files</Filter>
    </ClInclude>
    <ClInclude Include="include\qgl_model_include.h">
      <Filter>Header Files</Filter>
    </ClInclude>
    <ClInclude Include="include\qgl_version.h">
      <Filter>Header Files</Filter>
    </ClInclude>
    <ClInclude Include="QGL_ModelRT.h">
      <Filter>win_rt</Filter>
    </ClInclude>
    <ClInclude Include="include\Observer-Observable\qgl_callback_observer.h">
      <Filter>Header Files\Observer Observable</Filter>
    </ClInclude>
    <ClInclude Include="include\Observer-Observable\qgl_iobserver.h">
      <Filter>Header Files\Observer Observable</Filter>
    </ClInclude>
    <ClInclude Include="include\Observer-Observable\qgl_subject.h">
      <Filter>Header Files\Observer Observable</Filter>
    </ClInclude>
    <ClInclude Include="include\Timing\qgl_time_helpers.h">
      <Filter>Header Files\Timing</Filter>
    </ClInclude>
    <ClInclude Include="include\Timing\qgl_time_state.h">
      <Filter>Header Files\Timing</Filter>
    </ClInclude>
    <ClInclude Include="include\Timing\qgl_timer.h">
      <Filter>Header Files\Timing</Filter>
    </ClInclude>
    <ClInclude Include="include\Memory\qgl_mem.h">
      <Filter>Header Files\Memory</Filter>
    </ClInclude>
    <ClInclude Include="include\Memory\qgl_mem_tmpl.h">
      <Filter>Header Files\Memory</Filter>
    </ClInclude>
    <ClInclude Include="include\qgl_platform_abstraction.h">
      <Filter>Header Files</Filter>
    </ClInclude>
    <ClInclude Include="include\Interfaces\qgl_interface.h">
      <Filter>Header Files\Interfaces</Filter>
    </ClInclude>
    <ClInclude Include="include\Interfaces\qgl_icommand.h">
      <Filter>Header Files\Interfaces</Filter>
    </ClInclude>
    <ClInclude Include="include\Memory\qgl_static_ptr.h">
      <Filter>Header Files\Memory</Filter>
    </ClInclude>
    <ClInclude Include="include\Memory\qgl_static_ptr_ref.h">
      <Filter>Header Files\Memory</Filter>
    </ClInclude>
    <ClInclude Include="include\qgl_component.h">
      <Filter>Header Files\Components</Filter>
    </ClInclude>
    <ClInclude Include="include\Structures\qgl_basic_tree_map.h">
      <Filter>Header Files\Structures</Filter>
    </ClInclude>
    <ClInclude Include="include\Structures\qgl_xform_tree.h">
      <Filter>Header Files\Structures</Filter>
    </ClInclude>
    <ClInclude Include="include\Structures\qgl_basic_graph.h">
      <Filter>Header Files\Structures</Filter>
    </ClInclude>
    <ClInclude Include="include\Structures\qgl_tree_helpers.h">
      <Filter>Header Files\Structures</Filter>
    </ClInclude>
    <ClInclude Include="include\Memory\qgl_mem_tracker.h">
      <Filter>Header Files\Memory</Filter>
    </ClInclude>
    <ClInclude Include="include\Memory\qgl_memory_track_entry.h">
      <Filter>Header Files\Memory</Filter>
    </ClInclude>
  </ItemGroup>
  <ItemGroup>
    <None Include="QGL_Model.def">
      <Filter>win_rt</Filter>
    </None>
    <None Include="packages.config" />
  </ItemGroup>
  <ItemGroup>
    <ClCompile Include="Generated Files\module.g.cpp">
      <Filter>win_rt</Filter>
    </ClCompile>
    <ClCompile Include="pch.cpp">
      <Filter>Source Files</Filter>
    </ClCompile>
    <ClCompile Include="QGL_ModelRT.cpp">
      <Filter>win_rt</Filter>
    </ClCompile>
    <ClCompile Include="qgl_icommand.cpp">
      <Filter>Source Files\Interfaces</Filter>
    </ClCompile>
    <ClCompile Include="qgl_version.cpp">
      <Filter>Source Files</Filter>
    </ClCompile>
    <ClCompile Include="qgl_mem_tmpl.cpp">
      <Filter>Source Files\Memory</Filter>
    </ClCompile>
  </ItemGroup>
  <ItemGroup>
    <Midl Include="QGL_ModelRT.idl">
      <Filter>win_rt</Filter>
    </Midl>
  </ItemGroup>
</Project>