<?xml version="1.0" encoding="utf-8"?>
<Project ToolsVersion="15.0" xmlns="http://schemas.microsoft.com/developer/msbuild/2003">
  <ItemGroup>
    <Filter Include="Resources">
      <UniqueIdentifier>accd3aa8-1ba0-4223-9bbe-0c431709210b</UniqueIdentifier>
      <Extensions>rc;ico;cur;bmp;dlg;rc2;rct;bin;rgs;gif;jpg;jpeg;jpe;resx;tga;tiff;tif;png;wav;mfcribbon-ms</Extensions>
    </Filter>
    <Filter Include="Generated Files">
      <UniqueIdentifier>{926ab91d-31b4-48c3-b9a4-e681349f27f0}</UniqueIdentifier>
    </Filter>
    <Filter Include="Header Files">
      <UniqueIdentifier>{5b57d05d-d1c0-4d76-99cc-e26ad55dc602}</UniqueIdentifier>
    </Filter>
    <Filter Include="Source Files">
      <UniqueIdentifier>{91baec27-ee98-4f97-a1c4-7ac023d7768b}</UniqueIdentifier>
    </Filter>
    <Filter Include="Header Files\Components">
      <UniqueIdentifier>{899e3207-a31a-417e-8874-97acc2228365}</UniqueIdentifier>
    </Filter>
    <Filter Include="Header Files\Descriptors">
      <UniqueIdentifier>{a7691fa6-9aef-4044-8397-ff0c7edce952}</UniqueIdentifier>
    </Filter>
    <Filter Include="winrt_rt">
      <UniqueIdentifier>{6a42250c-18e8-4586-aa05-34dfb6587877}</UniqueIdentifier>
    </Filter>
  </ItemGroup>
  <ItemGroup>
    <ClCompile Include="Class.cpp" />
    <ClCompile Include="$(GeneratedFilesDir)module.g.cpp">
      <Filter>winrt_rt</Filter>
    </ClCompile>
    <ClCompile Include="pch.cpp">
      <Filter>Source Files</Filter>
    </ClCompile>
    <ClCompile Include="QGL_GameRT.cpp">
      <Filter>winrt_rt</Filter>
    </ClCompile>
  </ItemGroup>
  <ItemGroup>
    <ClInclude Include="include\Components\qgl_sprite.h">
      <Filter>Header Files\Components</Filter>
    </ClInclude>
    <ClInclude Include="QGLGame.h">
      <Filter>Header Files</Filter>
    </ClInclude>
    <ClInclude Include="include\qgl_game_include.h">
      <Filter>Header Files</Filter>
    </ClInclude>
    <ClInclude Include="include\Components\qgl_wtext.h">
      <Filter>Header Files\Components</Filter>
    </ClInclude>
    <ClInclude Include="include\Components\qgl_model.h">
      <Filter>Header Files\Components</Filter>
    </ClInclude>
    <ClInclude Include="include\Components\qgl_texture.h">
      <Filter>Header Files\Components</Filter>
    </ClInclude>
    <ClInclude Include="include\Components\qgl_camera.h">
      <Filter>Header Files\Components</Filter>
    </ClInclude>
    <ClInclude Include="include\Components\qgl_light.h">
      <Filter>Header Files\Components</Filter>
    </ClInclude>
    <ClInclude Include="include\Components\qgl_image.h">
      <Filter>Header Files\Components</Filter>
    </ClInclude>
    <ClInclude Include="include\Components\qgl_shader.h">
      <Filter>Header Files\Components</Filter>
    </ClInclude>
    <ClInclude Include="include\Descriptors\qgl_light_descriptor.h">
      <Filter>Header Files\Descriptors</Filter>
    </ClInclude>
    <ClInclude Include="include\Descriptors\qgl_screen_space_descriptor.h">
      <Filter>Header Files\Descriptors</Filter>
    </ClInclude>
    <ClInclude Include="include\Descriptors\qgl_camera_descriptor.h">
      <Filter>Header Files\Descriptors</Filter>
    </ClInclude>
    <ClInclude Include="include\Components\qgl_polygon.h">
      <Filter>Header Files\Components</Filter>
    </ClInclude>
    <ClInclude Include="include\Descriptors\qgl_text_format_descriptor.h">
      <Filter>Header Files\Descriptors</Filter>
    </ClInclude>
    <ClInclude Include="pch.h">
      <Filter>Header Files</Filter>
    </ClInclude>
    <ClInclude Include="QGL_GameRT.h">
      <Filter>winrt_rt</Filter>
    </ClInclude>
  </ItemGroup>
  <ItemGroup>
    <None Include="packages.config" />
    <None Include="QGL_Game.def">
      <Filter>winrt_rt</Filter>
    </None>
  </ItemGroup>
  <ItemGroup>
    <None Include="PropertySheet.props" />
  </ItemGroup>
  <ItemGroup>
    <Midl Include="QGL_GameRT.idl">
      <Filter>winrt_rt</Filter>
    </Midl>
  </ItemGroup>
</Project>