<?xml version="1.0" encoding="utf-8"?>
<Project ToolsVersion="15.0" xmlns="http://schemas.microsoft.com/developer/msbuild/2003">
  <ItemGroup>
    <Filter Include="Resources">
      <UniqueIdentifier>accd3aa8-1ba0-4223-9bbe-0c431709210b</UniqueIdentifier>
      <Extensions>rc;ico;cur;bmp;dlg;rc2;rct;bin;rgs;gif;jpg;jpeg;jpe;resx;tga;tiff;tif;png;wav;mfcribbon-ms</Extensions>
    </Filter>
    <Filter Include="Generated Files">
      <UniqueIdentifier>{926ab91d-31b4-48c3-b9a4-e681349f27f0}</UniqueIdentifier>
    </Filter>
    <Filter Include="Header Files">
      <UniqueIdentifier>{5a80b3b4-9909-4558-9e8e-435b144dd085}</UniqueIdentifier>
    </Filter>
    <Filter Include="Source Files">
      <UniqueIdentifier>{2d596b2f-4e42-4160-ae34-beb89630df67}</UniqueIdentifier>
    </Filter>
    <Filter Include="winrt_rt">
      <UniqueIdentifier>{bb1cd3d5-a3de-4d51-afae-52a7b5bafbe5}</UniqueIdentifier>
    </Filter>
    <Filter Include="Header Files\Shapes">
      <UniqueIdentifier>{f10f7718-defd-4e62-b296-7a191c34a379}</UniqueIdentifier>
    </Filter>
    <Filter Include="Source Files\Shapes">
      <UniqueIdentifier>{058d14eb-0c14-4d09-a8de-9582716bcc78}</UniqueIdentifier>
    </Filter>
    <Filter Include="Header Files\Random">
      <UniqueIdentifier>{9f55634d-5bbb-4b7d-af04-a5696ceadaf9}</UniqueIdentifier>
    </Filter>
  </ItemGroup>
  <ItemGroup>
    <ClCompile Include="$(GeneratedFilesDir)module.g.cpp">
      <Filter>winrt_rt</Filter>
    </ClCompile>
    <ClCompile Include="pch.cpp">
      <Filter>Source Files</Filter>
    </ClCompile>
    <ClCompile Include="QGL_MathRT.cpp" />
    <ClCompile Include="QGL_MathRT.cpp">
      <Filter>winrt_rt</Filter>
    </ClCompile>
    <ClCompile Include="src\Shapes\qgl_aabb_helpers.cpp">
      <Filter>Source Files\Shapes</Filter>
    </ClCompile>
  </ItemGroup>
  <ItemGroup>
    <ClInclude Include="pch.h">
      <Filter>Header Files</Filter>
    </ClInclude>
    <ClInclude Include="QGL_MathRT.h" />
    <ClInclude Include="QGL_MathRT.h">
      <Filter>winrt_rt</Filter>
    </ClInclude>
    <ClInclude Include="include\qgl_math_consts.h">
      <Filter>Header Files</Filter>
    </ClInclude>
    <ClInclude Include="include\qgl_math_includes.h">
      <Filter>Header Files</Filter>
    </ClInclude>
    <ClInclude Include="include\qgl_rational.h">
      <Filter>Header Files</Filter>
    </ClInclude>
    <ClInclude Include="QGLMath.h">
      <Filter>Header Files</Filter>
    </ClInclude>
    <ClInclude Include="include\Shapes\qgl_rectangle.h">
      <Filter>Header Files\Shapes</Filter>
    </ClInclude>
    <ClInclude Include="include\Shapes\qgl_aabb_helpers.h">
      <Filter>Header Files\Shapes</Filter>
    </ClInclude>
    <ClInclude Include="include\Shapes\qgl_dx_comparators.h">
      <Filter>Header Files\Shapes</Filter>
    </ClInclude>
    <ClInclude Include="include\qgl_decimal.h">
      <Filter>Header Files</Filter>
    </ClInclude>
    <ClInclude Include="include\qgl_math_funcs.h">
      <Filter>Header Files</Filter>
    </ClInclude>
    <ClInclude Include="include\Shapes\qgl_boundary.h">
      <Filter>Header Files\Shapes</Filter>
    </ClInclude>
    <ClInclude Include="include\qgl_tile_helpers.h">
      <Filter>Header Files</Filter>
    </ClInclude>
    <ClInclude Include="include\Random\qgl_name_generator.h">
      <Filter>Header Files\Random</Filter>
    </ClInclude>
    <ClInclude Include="include\Random\qgl_random_helpers.h">
      <Filter>Header Files\Random</Filter>
    </ClInclude>
  </ItemGroup>
  <ItemGroup>
    <None Include="QGL_Math.def">
      <Filter>winrt_rt</Filter>
    </None>
    <None Include="packages.config" />
  </ItemGroup>
  <ItemGroup>
    <None Include="PropertySheet.props" />
  </ItemGroup>
  <ItemGroup>
    <Midl Include="QGL_MathRT.idl">
      <Filter>winrt_rt</Filter>
    </Midl>
  </ItemGroup>
</Project>