<?xml version="1.0" encoding="utf-8"?>
<Project ToolsVersion="15.0" xmlns="http://schemas.microsoft.com/developer/msbuild/2003">
  <ItemGroup>
    <Filter Include="Common">
      <UniqueIdentifier>2bd03efd-fb01-4f30-ac2a-54df4e496db6</UniqueIdentifier>
    </Filter>
    <Filter Include="Assets">
      <UniqueIdentifier>87ed0ef8-0eea-4877-ac40-037e3cc5a0ab</UniqueIdentifier>
      <Extensions>bmp;fbx;gif;jpg;jpeg;tga;tiff;tif;png</Extensions>
    </Filter>
    <Filter Include="Tests">
      <UniqueIdentifier>{d08c9622-73bf-4877-ac3c-358f9580e185}</UniqueIdentifier>
    </Filter>
    <Filter Include="Tests\Observer-Observable">
      <UniqueIdentifier>{e17eb08a-7291-4c85-b3f7-7f9a5d8b333a}</UniqueIdentifier>
    </Filter>
    <Filter Include="Tests\Timing">
      <UniqueIdentifier>{7bb116f0-cf25-4a67-9353-3d9a11c1edc8}</UniqueIdentifier>
    </Filter>
    <Filter Include="Tests\Structures">
      <UniqueIdentifier>{2e5e7215-76b1-4dbb-9fcf-cea8d9cf2fae}</UniqueIdentifier>
    </Filter>
  </ItemGroup>
  <ItemGroup>
    <ApplicationDefinition Include="UnitTestApp.xaml" />
  </ItemGroup>
  <ItemGroup>
    <ClCompile Include="UnitTestApp.xaml.cpp" />
    <ClCompile Include="pch.cpp" />
    <ClCompile Include="Tests\Observer-Observable\callback_observer-tests.cpp">
      <Filter>Tests\Observer-Observable</Filter>
    </ClCompile>
    <ClCompile Include="Tests\Observer-Observable\subject_constructor_tests.cpp">
      <Filter>Tests\Observer-Observable</Filter>
    </ClCompile>
    <ClCompile Include="Tests\Observer-Observable\subject_notify_tests.cpp">
      <Filter>Tests\Observer-Observable</Filter>
    </ClCompile>
    <ClCompile Include="Tests\Observer-Observable\subject_out_of_scope_tests.cpp">
      <Filter>Tests\Observer-Observable</Filter>
    </ClCompile>
    <ClCompile Include="Tests\Observer-Observable\subject_remove_tests.cpp">
      <Filter>Tests\Observer-Observable</Filter>
    </ClCompile>
    <ClCompile Include="Tests\Observer-Observable\observer_out_of_scope_tests.cpp">
      <Filter>Tests\Observer-Observable</Filter>
    </ClCompile>
    <ClCompile Include="Tests\Timing\time_state_tests.cpp">
      <Filter>Tests\Timing</Filter>
    </ClCompile>
    <ClCompile Include="Tests\Timing\time_helper_tests.cpp">
      <Filter>Tests\Timing</Filter>
    </ClCompile>
    <ClCompile Include="Tests\Timing\timer_tests.cpp">
      <Filter>Tests\Timing</Filter>
    </ClCompile>
    <ClCompile Include="Tests\icommand_tests.cpp">
      <Filter>Tests</Filter>
    </ClCompile>
    <ClCompile Include="Tests\version_tests.cpp">
      <Filter>Tests</Filter>
    </ClCompile>
    <ClCompile Include="Tests\Structures\tree_helper_tests.cpp">
      <Filter>Tests\Structures</Filter>
    </ClCompile>
    <ClCompile Include="Tests\Structures\basic_graph_tests.cpp">
      <Filter>Tests\Structures</Filter>
    </ClCompile>
    <ClCompile Include="Tests\Structures\basic_tree_map_tests.cpp">
      <Filter>Tests\Structures</Filter>
    </ClCompile>
    <ClCompile Include="guid_tests.cpp">
      <Filter>Tests</Filter>
    </ClCompile>
    <ClCompile Include="misc_helpers_tests.cpp">
      <Filter>Tests</Filter>
    </ClCompile>
    <ClCompile Include="Tests\Structures\fixed_buffer_tests.cpp">
      <Filter>Tests\Structures</Filter>
    </ClCompile>
  </ItemGroup>
  <ItemGroup>
    <ClInclude Include="pch.h" />
    <ClInclude Include="UnitTestApp.xaml.h" />
    <ClInclude Include="Tests\Observer-Observable\basic_observer.h">
      <Filter>Tests\Observer-Observable</Filter>
    </ClInclude>
    <ClInclude Include="Tests\basic_state.h">
      <Filter>Tests</Filter>
    </ClInclude>
  </ItemGroup>
  <ItemGroup>
    <Xml Include="UnitTestApp.rd.xml" />
  </ItemGroup>
  <ItemGroup>
    <Image Include="Assets\LockScreenLogo.scale-200.png">
      <Filter>Assets</Filter>
    </Image>
    <Image Include="Assets\SplashScreen.scale-200.png">
      <Filter>Assets</Filter>
    </Image>
    <Image Include="Assets\Square44x44Logo.scale-200.png">
      <Filter>Assets</Filter>
    </Image>
    <Image Include="Assets\Square44x44Logo.targetsize-24_altform-unplated.png">
      <Filter>Assets</Filter>
    </Image>
    <Image Include="Assets\Square150x150Logo.scale-200.png">
      <Filter>Assets</Filter>
    </Image>
    <Image Include="Assets\StoreLogo.png">
      <Filter>Assets</Filter>
    </Image>
    <Image Include="Assets\Wide310x150Logo.scale-200.png">
      <Filter>Assets</Filter>
    </Image>
  </ItemGroup>
  <ItemGroup>
    <AppxManifest Include="Package.appxmanifest" />
  </ItemGroup>
  <ItemGroup>
    <None Include="QGL_Model_Unit_Tests_TemporaryKey.pfx" />
  </ItemGroup>
</Project>