<?xml version="1.0" encoding="utf-8"?>
<Project ToolsVersion="15.0" xmlns="http://schemas.microsoft.com/developer/msbuild/2003">
  <ItemGroup>
    <Filter Include="Resources">
      <UniqueIdentifier>accd3aa8-1ba0-4223-9bbe-0c431709210b</UniqueIdentifier>
      <Extensions>rc;ico;cur;bmp;dlg;rc2;rct;bin;rgs;gif;jpg;jpeg;jpe;resx;tga;tiff;tif;png;wav;mfcribbon-ms</Extensions>
    </Filter>
    <Filter Include="Generated Files">
      <UniqueIdentifier>{926ab91d-31b4-48c3-b9a4-e681349f27f0}</UniqueIdentifier>
    </Filter>
    <Filter Include="Header Files">
      <UniqueIdentifier>{ab07eea0-3825-4898-97e3-ae073fc76ad7}</UniqueIdentifier>
    </Filter>
    <Filter Include="Source Files">
      <UniqueIdentifier>{2d996fde-968a-4868-b214-92f277fef954}</UniqueIdentifier>
    </Filter>
    <Filter Include="win_rt">
      <UniqueIdentifier>{17081e90-b01b-49c8-8632-13a13609c17c}</UniqueIdentifier>
    </Filter>
    <Filter Include="Header Files\Helpers">
      <UniqueIdentifier>{76e60fe7-2c7b-4cb3-866d-2e3eccbcc2ee}</UniqueIdentifier>
    </Filter>
    <Filter Include="Header Files\Content">
      <UniqueIdentifier>{831623e7-89c6-4d93-8698-5216925e345a}</UniqueIdentifier>
    </Filter>
    <Filter Include="Header Files\Content\Content-Buffers">
      <UniqueIdentifier>{4c1707e8-142e-4686-8db7-c8ccb9e405bf}</UniqueIdentifier>
    </Filter>
    <Filter Include="Header Files\Engines">
      <UniqueIdentifier>{a60964c3-5e42-48ca-828c-d51033be252a}</UniqueIdentifier>
    </Filter>
    <Filter Include="Header Files\Content\Content-Loaders">
      <UniqueIdentifier>{3527204b-a434-487b-83f0-de812c3e6666}</UniqueIdentifier>
    </Filter>
    <Filter Include="Header Files\Content\File-Loaders">
      <UniqueIdentifier>{1b5efaf4-4000-42c5-95e4-e32d07d819aa}</UniqueIdentifier>
    </Filter>
    <Filter Include="Source Files\Content">
      <UniqueIdentifier>{7d598187-607d-481e-a019-a47f4732ec36}</UniqueIdentifier>
    </Filter>
    <Filter Include="Source Files\Content\Content-Buffers">
      <UniqueIdentifier>{17be2d06-502c-45d4-bfe9-110fc6fd6a02}</UniqueIdentifier>
    </Filter>
    <Filter Include="Header Files\GPU">
      <UniqueIdentifier>{43420c1b-cc29-4d8c-a662-319913d3c971}</UniqueIdentifier>
    </Filter>
    <Filter Include="Source Files\GPU">
      <UniqueIdentifier>{9df4f3b1-9f3a-47b8-814b-36b2e1c986a0}</UniqueIdentifier>
    </Filter>
    <Filter Include="Header Files\GPU\Synchronization">
      <UniqueIdentifier>{b9a01ef2-0ebe-437d-81f1-1a9a8ea46889}</UniqueIdentifier>
    </Filter>
    <Filter Include="Source Files\GPU\Root-Signature">
      <UniqueIdentifier>{4aa82489-8e36-4e78-837f-6d5531e103d4}</UniqueIdentifier>
    </Filter>
    <Filter Include="Header Files\GPU\Root-Signature">
      <UniqueIdentifier>{543705e5-c976-4818-a5c2-17b835581f94}</UniqueIdentifier>
    </Filter>
    <Filter Include="Header Files\GPU\Descriptors">
      <UniqueIdentifier>{a9bb6bd2-6d1f-43d6-908b-3ddcf9a45bb7}</UniqueIdentifier>
    </Filter>
    <Filter Include="Header Files\GPU\Memory">
      <UniqueIdentifier>{4d8d6cdb-e123-4e36-871b-119495fb2502}</UniqueIdentifier>
    </Filter>
    <Filter Include="Source Files\Helpers">
      <UniqueIdentifier>{d0219762-c314-430d-ac2c-d624d0296756}</UniqueIdentifier>
    </Filter>
    <Filter Include="Header Files\GPU\Buffers">
      <UniqueIdentifier>{bed9bf5d-485c-4471-ad1d-a3e230bdcd8f}</UniqueIdentifier>
    </Filter>
    <Filter Include="Source Files\GPU\Descriptors">
      <UniqueIdentifier>{84389dcc-c65a-42a0-a773-fc7ae7e850b2}</UniqueIdentifier>
    </Filter>
    <Filter Include="Source Files\GPU\Buffers">
      <UniqueIdentifier>{15ea531a-0951-458a-8b20-fc548e1beb88}</UniqueIdentifier>
    </Filter>
    <Filter Include="Header Files\Metrics">
      <UniqueIdentifier>{4639ac77-f075-4021-993a-be0ff5ace062}</UniqueIdentifier>
    </Filter>
    <Filter Include="Source Files\Metrics">
      <UniqueIdentifier>{beac0474-8c91-4250-b6fa-7216e1439b36}</UniqueIdentifier>
    </Filter>
    <Filter Include="Header Files\GPU\Command-Lists">
      <UniqueIdentifier>{f8a19c8c-7acc-415e-b1d2-0d7b6e8d4ac1}</UniqueIdentifier>
    </Filter>
    <Filter Include="Source Files\GPU\Render">
      <UniqueIdentifier>{8df4cdbd-49db-44c1-baa4-67899abc44f5}</UniqueIdentifier>
    </Filter>
    <Filter Include="Header Files\GPU\Render">
      <UniqueIdentifier>{bcf956b8-0070-4856-98b9-de7947a507e1}</UniqueIdentifier>
    </Filter>
    <Filter Include="Source Files\GPU\Command-Lists">
      <UniqueIdentifier>{d6433397-7f88-4628-ab9c-0eb1b5cadc4d}</UniqueIdentifier>
    </Filter>
    <Filter Include="Header Files\Scene">
      <UniqueIdentifier>{9a751344-7f60-4a29-9aa7-1e0198fed353}</UniqueIdentifier>
    </Filter>
    <Filter Include="Header Files\Components">
      <UniqueIdentifier>{e04d19c3-efeb-432b-a2b8-a1bed719b3a3}</UniqueIdentifier>
    </Filter>
    <Filter Include="Source Files\Components">
      <UniqueIdentifier>{89ce81ae-5823-4850-9055-4ce14994248b}</UniqueIdentifier>
    </Filter>
  </ItemGroup>
  <ItemGroup>
    <ClCompile Include="$(GeneratedFilesDir)module.g.cpp">
      <Filter>win_rt</Filter>
    </ClCompile>
    <ClCompile Include="pch.cpp">
      <Filter>Source Files</Filter>
    </ClCompile>
    <ClCompile Include="QGL_GraphicsRT.cpp">
      <Filter>win_rt</Filter>
    </ClCompile>
    <ClCompile Include="qgl_window.cpp">
      <Filter>Source Files</Filter>
    </ClCompile>
    <ClCompile Include="qgl_blender_buffer.cpp">
      <Filter>Source Files\Content\Content-Buffers</Filter>
    </ClCompile>
    <ClCompile Include="qgl_blender_desc_buffer.cpp">
      <Filter>Source Files\Content\Content-Buffers</Filter>
    </ClCompile>
    <ClCompile Include="qgl_brush_buffer.cpp">
      <Filter>Source Files\Content\Content-Buffers</Filter>
    </ClCompile>
    <ClCompile Include="qgl_camera_buffer.cpp">
      <Filter>Source Files\Content\Content-Buffers</Filter>
    </ClCompile>
    <ClCompile Include="qgl_depth_stencil_buffer.cpp">
      <Filter>Source Files\Content\Content-Buffers</Filter>
    </ClCompile>
    <ClCompile Include="qgl_graphic_config_buffer.cpp">
      <Filter>Source Files\Content\Content-Buffers</Filter>
    </ClCompile>
    <ClCompile Include="qgl_sampler_buffer.cpp">
      <Filter>Source Files\Content\Content-Buffers</Filter>
    </ClCompile>
    <ClCompile Include="qgl_text_format_buffer.cpp">
      <Filter>Source Files\Content\Content-Buffers</Filter>
    </ClCompile>
    <ClCompile Include="qgl_rasterizer_buffer.cpp">
      <Filter>Source Files\Content\Content-Buffers</Filter>
    </ClCompile>
    <ClCompile Include="qgl_light_buffer.cpp">
      <Filter>Source Files\Content\Content-Buffers</Filter>
    </ClCompile>
    <ClCompile Include="qgl_graphics_device.cpp">
      <Filter>Source Files\GPU</Filter>
    </ClCompile>
    <ClCompile Include="qgl_graphics_device_helpers.cpp">
      <Filter>Source Files\GPU</Filter>
    </ClCompile>
    <ClCompile Include="qgl_scissor.cpp">
      <Filter>Source Files\GPU\Render</Filter>
    </ClCompile>
    <ClCompile Include="qgl_viewport.cpp">
      <Filter>Source Files\GPU\Render</Filter>
    </ClCompile>
    <ClCompile Include="qgl_brush.cpp">
      <Filter>Source Files\Content</Filter>
    </ClCompile>
    <ClCompile Include="qgl_light.cpp">
      <Filter>Source Files\Content</Filter>
    </ClCompile>
    <ClCompile Include="qgl_sampler.cpp">
      <Filter>Source Files\Content</Filter>
    </ClCompile>
    <ClCompile Include="qgl_text_format.cpp">
      <Filter>Source Files\Content</Filter>
    </ClCompile>
    <ClCompile Include="qgl_texture.cpp">
      <Filter>Source Files\Content</Filter>
    </ClCompile>
    <ClCompile Include="qgl_wtext.cpp">
      <Filter>Source Files\Content</Filter>
    </ClCompile>
    <ClCompile Include="qgl_rasterizer.cpp">
      <Filter>Source Files\Content</Filter>
    </ClCompile>
    <ClCompile Include="qgl_descriptor_table.cpp">
      <Filter>Source Files\GPU\Descriptors</Filter>
    </ClCompile>
    <ClCompile Include="qgl_descriptor_range.cpp">
      <Filter>Source Files\GPU\Descriptors</Filter>
    </ClCompile>
    <ClCompile Include="qgl_srv_descriptor_heap.cpp">
      <Filter>Source Files\GPU\Descriptors</Filter>
    </ClCompile>
    <ClCompile Include="qgl_sampler_descriptor_heap.cpp">
      <Filter>Source Files\GPU\Descriptors</Filter>
    </ClCompile>
    <ClCompile Include="qgl_rtv_descriptor_heap.cpp">
      <Filter>Source Files\GPU\Descriptors</Filter>
    </ClCompile>
    <ClCompile Include="qgl_cbv_descriptor_heap.cpp">
      <Filter>Source Files\GPU\Descriptors</Filter>
    </ClCompile>
    <ClCompile Include="qgl_dsv_descriptor_heap.cpp">
      <Filter>Source Files\GPU\Descriptors</Filter>
    </ClCompile>
    <ClCompile Include="qgl_uav_descriptor_heap.cpp">
      <Filter>Source Files\GPU\Descriptors</Filter>
    </ClCompile>
    <ClCompile Include="qgl_root_signature.cpp">
      <Filter>Source Files\GPU\Root-Signature</Filter>
    </ClCompile>
    <ClCompile Include="qgl_pso.cpp">
      <Filter>Source Files\GPU</Filter>
    </ClCompile>
    <ClCompile Include="qgl_shader.cpp">
      <Filter>Source Files\Content</Filter>
    </ClCompile>
    <ClCompile Include="qgl_render_target.cpp">
      <Filter>Source Files\GPU\Render</Filter>
    </ClCompile>
    <ClCompile Include="qgl_depth_stencil.cpp">
      <Filter>Source Files\GPU\Render</Filter>
    </ClCompile>
    <ClCompile Include="qgl_frame.cpp">
      <Filter>Source Files\GPU\Render</Filter>
    </ClCompile>
    <ClCompile Include="qgl_shader_meta.cpp">
      <Filter>Source Files\Metrics</Filter>
    </ClCompile>
    <ClCompile Include="qgl_blender.cpp">
      <Filter>Source Files\GPU\Render</Filter>
    </ClCompile>
    <ClCompile Include="qgl_graphics_cmd_list.cpp">
      <Filter>Source Files\GPU\Command-Lists</Filter>
    </ClCompile>
    <ClCompile Include="qgl_icmd_list.cpp">
      <Filter>Source Files\GPU\Command-Lists</Filter>
    </ClCompile>
    <ClCompile Include="qgl_cpy_cmd_list.cpp">
      <Filter>Source Files\GPU\Command-Lists</Filter>
    </ClCompile>
    <ClCompile Include="qgl_text_render_component.cpp">
      <Filter>Source Files\Components</Filter>
    </ClCompile>
  </ItemGroup>
  <ItemGroup>
    <ClInclude Include="QGLGraphics.h">
      <Filter>Header Files</Filter>
    </ClInclude>
    <ClInclude Include="QGL_GraphicsRT.h">
      <Filter>win_rt</Filter>
    </ClInclude>
    <ClInclude Include="pch.h">
      <Filter>Header Files</Filter>
    </ClInclude>
    <ClInclude Include="include\qgl_graphics_include.h">
      <Filter>Header Files</Filter>
    </ClInclude>
    <ClInclude Include="include\Helpers\d3dx12.h">
      <Filter>Header Files\Helpers</Filter>
    </ClInclude>
    <ClInclude Include="include\Content\Content-Buffers\qgl_blender_buffer.h">
      <Filter>Header Files\Content\Content-Buffers</Filter>
    </ClInclude>
    <ClInclude Include="include\Content\Content-Buffers\qgl_brush_buffer.h">
      <Filter>Header Files\Content\Content-Buffers</Filter>
    </ClInclude>
    <ClInclude Include="include\Content\Content-Buffers\qgl_camera_buffer.h">
      <Filter>Header Files\Content\Content-Buffers</Filter>
    </ClInclude>
    <ClInclude Include="include\Content\Content-Buffers\qgl_depth_stencil_buffer.h">
      <Filter>Header Files\Content\Content-Buffers</Filter>
    </ClInclude>
    <ClInclude Include="include\Content\Content-Buffers\qgl_graphic_config_buffer.h">
      <Filter>Header Files\Content\Content-Buffers</Filter>
    </ClInclude>
    <ClInclude Include="include\Content\Content-Buffers\qgl_light_buffer.h">
      <Filter>Header Files\Content\Content-Buffers</Filter>
    </ClInclude>
    <ClInclude Include="include\Content\Content-Buffers\qgl_rasterizer_buffer.h">
      <Filter>Header Files\Content\Content-Buffers</Filter>
    </ClInclude>
    <ClInclude Include="include\Content\Content-Buffers\qgl_sampler_buffer.h">
      <Filter>Header Files\Content\Content-Buffers</Filter>
    </ClInclude>
    <ClInclude Include="include\Content\Content-Buffers\qgl_text_format_buffer.h">
      <Filter>Header Files\Content\Content-Buffers</Filter>
    </ClInclude>
    <ClInclude Include="include\qgl_window.h">
      <Filter>Header Files</Filter>
    </ClInclude>
    <ClInclude Include="include\Content\Content-Buffers\qgl_blender_desc_buffer.h">
      <Filter>Header Files\Content\Content-Buffers</Filter>
    </ClInclude>
    <ClInclude Include="include\GPU\qgl_graphics_device.h">
      <Filter>Header Files\GPU</Filter>
    </ClInclude>
    <ClInclude Include="include\GPU\qgl_graphics_device_helpers.h">
      <Filter>Header Files\GPU</Filter>
    </ClInclude>
    <ClInclude Include="include\GPU\Synchronization\qgl_fence.h">
      <Filter>Header Files\GPU\Synchronization</Filter>
    </ClInclude>
    <ClInclude Include="include\GPU\Synchronization\qgl_sync_object.h">
      <Filter>Header Files\GPU\Synchronization</Filter>
    </ClInclude>
    <ClInclude Include="include\GPU\Root-Signature\qgl_ibindable.h">
      <Filter>Header Files\GPU\Root-Signature</Filter>
    </ClInclude>
    <ClInclude Include="include\GPU\Root-Signature\qgl_root_signature.h">
      <Filter>Header Files\GPU\Root-Signature</Filter>
    </ClInclude>
    <ClInclude Include="include\GPU\qgl_pso.h">
      <Filter>Header Files\GPU</Filter>
    </ClInclude>
    <ClInclude Include="include\GPU\Descriptors\qgl_descriptor_heap.h">
      <Filter>Header Files\GPU\Descriptors</Filter>
    </ClInclude>
    <ClInclude Include="include\GPU\Descriptors\qgl_descriptor_range.h">
      <Filter>Header Files\GPU\Descriptors</Filter>
    </ClInclude>
    <ClInclude Include="include\GPU\Descriptors\qgl_descriptor_table.h">
      <Filter>Header Files\GPU\Descriptors</Filter>
    </ClInclude>
    <ClInclude Include="include\GPU\Memory\qgl_igpu_memory_allocator.h">
      <Filter>Header Files\GPU\Memory</Filter>
    </ClInclude>
    <ClInclude Include="include\GPU\Buffers\igpu_buffer.h">
      <Filter>Header Files\GPU\Buffers</Filter>
    </ClInclude>
    <ClInclude Include="include\GPU\Buffers\qgl_const_buffer.h">
      <Filter>Header Files\GPU\Buffers</Filter>
    </ClInclude>
    <ClInclude Include="include\GPU\Buffers\qgl_index_buffer.h">
      <Filter>Header Files\GPU\Buffers</Filter>
    </ClInclude>
    <ClInclude Include="include\GPU\Buffers\qgl_vertex_buffer.h">
      <Filter>Header Files\GPU\Buffers</Filter>
    </ClInclude>
    <ClInclude Include="include\GPU\Buffers\qgl_imappable.h">
      <Filter>Header Files\GPU\Buffers</Filter>
    </ClInclude>
    <ClInclude Include="include\Content\qgl_brush.h">
      <Filter>Header Files\Content</Filter>
    </ClInclude>
    <ClInclude Include="include\Content\qgl_camera.h">
      <Filter>Header Files\Content</Filter>
    </ClInclude>
    <ClInclude Include="include\Content\qgl_light.h">
      <Filter>Header Files\Content</Filter>
    </ClInclude>
    <ClInclude Include="include\Content\qgl_sampler.h">
      <Filter>Header Files\Content</Filter>
    </ClInclude>
    <ClInclude Include="include\Content\qgl_text_format.h">
      <Filter>Header Files\Content</Filter>
    </ClInclude>
    <ClInclude Include="include\Content\qgl_texture.h">
      <Filter>Header Files\Content</Filter>
    </ClInclude>
    <ClInclude Include="include\Content\qgl_wtext.h">
      <Filter>Header Files\Content</Filter>
    </ClInclude>
    <ClInclude Include="include\Content\qgl_rasterizer.h">
      <Filter>Header Files\Content</Filter>
    </ClInclude>
    <ClInclude Include="include\GPU\Descriptors\qgl_cbv_descriptor_heap.h">
      <Filter>Header Files\GPU\Descriptors</Filter>
    </ClInclude>
    <ClInclude Include="include\GPU\Descriptors\qgl_dsv_descriptor_heap.h">
      <Filter>Header Files\GPU\Descriptors</Filter>
    </ClInclude>
    <ClInclude Include="include\GPU\Descriptors\qgl_rtv_descriptor_heap.h">
      <Filter>Header Files\GPU\Descriptors</Filter>
    </ClInclude>
    <ClInclude Include="include\GPU\Descriptors\qgl_sampler_descriptor_heap.h">
      <Filter>Header Files\GPU\Descriptors</Filter>
    </ClInclude>
    <ClInclude Include="include\GPU\Descriptors\qgl_srv_descriptor_heap.h">
      <Filter>Header Files\GPU\Descriptors</Filter>
    </ClInclude>
    <ClInclude Include="include\GPU\Descriptors\qgl_uav_descriptor_heap.h">
      <Filter>Header Files\GPU\Descriptors</Filter>
    </ClInclude>
    <ClInclude Include="include\Content\qgl_shader.h">
      <Filter>Header Files\Content</Filter>
    </ClInclude>
    <ClInclude Include="include\Metrics\qgl_shader_meta.h">
      <Filter>Header Files\Metrics</Filter>
    </ClInclude>
    <ClInclude Include="include\GPU\Command-Lists\qgl_icmd_list.h">
      <Filter>Header Files\GPU\Command-Lists</Filter>
    </ClInclude>
    <ClInclude Include="include\GPU\Render\qgl_depth_stencil.h">
      <Filter>Header Files\GPU\Render</Filter>
    </ClInclude>
    <ClInclude Include="include\GPU\Render\qgl_frame.h">
      <Filter>Header Files\GPU\Render</Filter>
    </ClInclude>
    <ClInclude Include="include\GPU\Render\qgl_render_target.h">
      <Filter>Header Files\GPU\Render</Filter>
    </ClInclude>
    <ClInclude Include="include\GPU\Render\qgl_scissor.h">
      <Filter>Header Files\GPU\Render</Filter>
    </ClInclude>
    <ClInclude Include="include\GPU\Render\qgl_viewport.h">
      <Filter>Header Files\GPU\Render</Filter>
    </ClInclude>
    <ClInclude Include="include\GPU\Command-Lists\qgl_cmd_bundle.h">
      <Filter>Header Files\GPU\Command-Lists</Filter>
    </ClInclude>
    <ClInclude Include="include\GPU\Command-Lists\qgl_cpy_cmd_list.h">
      <Filter>Header Files\GPU\Command-Lists</Filter>
    </ClInclude>
    <ClInclude Include="include\GPU\Command-Lists\qgl_graphics_cmd_list.h">
      <Filter>Header Files\GPU\Command-Lists</Filter>
    </ClInclude>
    <ClInclude Include="include\GPU\Render\qgl_blender.h">
      <Filter>Header Files\GPU\Render</Filter>
    </ClInclude>
    <ClInclude Include="include\Scene\qgl_scene.h">
      <Filter>Header Files\Scene</Filter>
    </ClInclude>
    <ClInclude Include="include\Content\qgl_model.h">
      <Filter>Header Files\Content</Filter>
    </ClInclude>
    <ClInclude Include="include\Scene\qgl_stage.h">
      <Filter>Header Files\Scene</Filter>
    </ClInclude>
    <ClInclude Include="include\Components\qgl_model_render_component.h">
      <Filter>Header Files\Components</Filter>
    </ClInclude>
    <ClInclude Include="include\Components\qgl_text_render_component.h">
      <Filter>Header Files\Components</Filter>
    </ClInclude>
  </ItemGroup>
  <ItemGroup>
    <None Include="QGL_Graphics.def">
      <Filter>win_rt</Filter>
    </None>
    <None Include="packages.config" />
  </ItemGroup>
  <ItemGroup>
    <Midl Include="QGL_GraphicsRT.idl">
      <Filter>win_rt</Filter>
    </Midl>
  </ItemGroup>
</Project>