<?xml version="1.0" encoding="utf-8"?>
<Project ToolsVersion="15.0" xmlns="http://schemas.microsoft.com/developer/msbuild/2003">
  <ItemGroup>
    <Filter Include="Resources">
      <UniqueIdentifier>accd3aa8-1ba0-4223-9bbe-0c431709210b</UniqueIdentifier>
      <Extensions>rc;ico;cur;bmp;dlg;rc2;rct;bin;rgs;gif;jpg;jpeg;jpe;resx;tga;tiff;tif;png;wav;mfcribbon-ms</Extensions>
    </Filter>
    <Filter Include="Generated Files">
      <UniqueIdentifier>{926ab91d-31b4-48c3-b9a4-e681349f27f0}</UniqueIdentifier>
    </Filter>
    <Filter Include="Header Files">
      <UniqueIdentifier>{ab07eea0-3825-4898-97e3-ae073fc76ad7}</UniqueIdentifier>
    </Filter>
    <Filter Include="Source Files">
      <UniqueIdentifier>{2d996fde-968a-4868-b214-92f277fef954}</UniqueIdentifier>
    </Filter>
    <Filter Include="win_rt">
      <UniqueIdentifier>{17081e90-b01b-49c8-8632-13a13609c17c}</UniqueIdentifier>
    </Filter>
    <Filter Include="Header Files\Helpers">
      <UniqueIdentifier>{76e60fe7-2c7b-4cb3-866d-2e3eccbcc2ee}</UniqueIdentifier>
    </Filter>
    <Filter Include="Header Files\Content">
      <UniqueIdentifier>{831623e7-89c6-4d93-8698-5216925e345a}</UniqueIdentifier>
    </Filter>
    <Filter Include="Header Files\GPU">
      <UniqueIdentifier>{43420c1b-cc29-4d8c-a662-319913d3c971}</UniqueIdentifier>
    </Filter>
    <Filter Include="Header Files\GPU\Synchronization">
      <UniqueIdentifier>{b9a01ef2-0ebe-437d-81f1-1a9a8ea46889}</UniqueIdentifier>
    </Filter>
    <Filter Include="Header Files\GPU\Root-Signature">
      <UniqueIdentifier>{543705e5-c976-4818-a5c2-17b835581f94}</UniqueIdentifier>
    </Filter>
    <Filter Include="Header Files\GPU\Descriptors">
      <UniqueIdentifier>{a9bb6bd2-6d1f-43d6-908b-3ddcf9a45bb7}</UniqueIdentifier>
    </Filter>
    <Filter Include="Header Files\GPU\Memory">
      <UniqueIdentifier>{4d8d6cdb-e123-4e36-871b-119495fb2502}</UniqueIdentifier>
    </Filter>
    <Filter Include="Header Files\GPU\Buffers">
      <UniqueIdentifier>{bed9bf5d-485c-4471-ad1d-a3e230bdcd8f}</UniqueIdentifier>
    </Filter>
    <Filter Include="Header Files\GPU\Command-Lists">
      <UniqueIdentifier>{f8a19c8c-7acc-415e-b1d2-0d7b6e8d4ac1}</UniqueIdentifier>
    </Filter>
    <Filter Include="Header Files\GPU\Render">
      <UniqueIdentifier>{bcf956b8-0070-4856-98b9-de7947a507e1}</UniqueIdentifier>
    </Filter>
    <Filter Include="Header Files\Components">
      <UniqueIdentifier>{e04d19c3-efeb-432b-a2b8-a1bed719b3a3}</UniqueIdentifier>
    </Filter>
    <Filter Include="Header Files\Interfaces">
      <UniqueIdentifier>{95c8f513-3213-4ff0-b0fd-60f366f49639}</UniqueIdentifier>
    </Filter>
    <Filter Include="Source Files\Interfaces">
      <UniqueIdentifier>{570add9b-fba5-4a56-96e3-70168e1c2d1b}</UniqueIdentifier>
    </Filter>
    <Filter Include="Header Files\Content\Content-Descriptors">
      <UniqueIdentifier>{00f85050-837c-49ca-87fd-7ffcbb6f1026}</UniqueIdentifier>
    </Filter>
    <Filter Include="Source Files\Helpers">
      <UniqueIdentifier>{08699265-7943-4f73-a1c7-b73707cfc07b}</UniqueIdentifier>
    </Filter>
    <Filter Include="Source Files\Components">
      <UniqueIdentifier>{b2037920-f56a-4a2d-9698-ca7084fd663d}</UniqueIdentifier>
    </Filter>
  </ItemGroup>
  <ItemGroup>
    <ClCompile Include="$(GeneratedFilesDir)module.g.cpp">
      <Filter>win_rt</Filter>
    </ClCompile>
    <ClCompile Include="pch.cpp">
      <Filter>Source Files</Filter>
    </ClCompile>
    <ClCompile Include="QGL_GraphicsRT.cpp">
      <Filter>win_rt</Filter>
    </ClCompile>
    <ClCompile Include="src\Helpers\qgl_graphics_device_helpers.cpp">
      <Filter>Source Files\Helpers</Filter>
    </ClCompile>
    <ClCompile Include="src\Helpers\qgl_color_helpers.cpp">
      <Filter>Source Files\Helpers</Filter>
    </ClCompile>
    <ClCompile Include="src\Helpers\qgl_supported_helpers.cpp">
      <Filter>Source Files\Helpers</Filter>
    </ClCompile>
  </ItemGroup>
  <ItemGroup>
    <ClInclude Include="QGLGraphics.h">
      <Filter>Header Files</Filter>
    </ClInclude>
    <ClInclude Include="QGL_GraphicsRT.h">
      <Filter>win_rt</Filter>
    </ClInclude>
    <ClInclude Include="pch.h">
      <Filter>Header Files</Filter>
    </ClInclude>
    <ClInclude Include="include\qgl_graphics_include.h">
      <Filter>Header Files</Filter>
    </ClInclude>
    <ClInclude Include="include\GPU\Synchronization\qgl_fence.h">
      <Filter>Header Files\GPU\Synchronization</Filter>
    </ClInclude>
    <ClInclude Include="include\GPU\Synchronization\qgl_sync_object.h">
      <Filter>Header Files\GPU\Synchronization</Filter>
    </ClInclude>
    <ClInclude Include="include\GPU\Root-Signature\qgl_ibindable.h">
      <Filter>Header Files\GPU\Root-Signature</Filter>
    </ClInclude>
    <ClInclude Include="include\GPU\Root-Signature\qgl_root_signature.h">
      <Filter>Header Files\GPU\Root-Signature</Filter>
    </ClInclude>
    <ClInclude Include="include\GPU\Descriptors\qgl_descriptor_heap.h">
      <Filter>Header Files\GPU\Descriptors</Filter>
    </ClInclude>
    <ClInclude Include="include\GPU\Descriptors\qgl_descriptor_range.h">
      <Filter>Header Files\GPU\Descriptors</Filter>
    </ClInclude>
    <ClInclude Include="include\GPU\Descriptors\qgl_descriptor_table.h">
      <Filter>Header Files\GPU\Descriptors</Filter>
    </ClInclude>
    <ClInclude Include="include\GPU\Buffers\qgl_igpu_buffer.h">
      <Filter>Header Files\GPU\Buffers</Filter>
    </ClInclude>
    <ClInclude Include="include\GPU\Buffers\qgl_index_buffer.h">
      <Filter>Header Files\GPU\Buffers</Filter>
    </ClInclude>
    <ClInclude Include="include\GPU\Buffers\qgl_vertex_buffer.h">
      <Filter>Header Files\GPU\Buffers</Filter>
    </ClInclude>
    <ClInclude Include="include\GPU\Descriptors\qgl_cbv_descriptor_heap.h">
      <Filter>Header Files\GPU\Descriptors</Filter>
    </ClInclude>
    <ClInclude Include="include\GPU\Descriptors\qgl_dsv_descriptor_heap.h">
      <Filter>Header Files\GPU\Descriptors</Filter>
    </ClInclude>
    <ClInclude Include="include\GPU\Descriptors\qgl_rtv_descriptor_heap.h">
      <Filter>Header Files\GPU\Descriptors</Filter>
    </ClInclude>
    <ClInclude Include="include\GPU\Descriptors\qgl_sampler_descriptor_heap.h">
      <Filter>Header Files\GPU\Descriptors</Filter>
    </ClInclude>
    <ClInclude Include="include\GPU\Descriptors\qgl_srv_descriptor_heap.h">
      <Filter>Header Files\GPU\Descriptors</Filter>
    </ClInclude>
    <ClInclude Include="include\GPU\Descriptors\qgl_uav_descriptor_heap.h">
      <Filter>Header Files\GPU\Descriptors</Filter>
    </ClInclude>
    <ClInclude Include="include\GPU\Command-Lists\qgl_icmd_list.h">
      <Filter>Header Files\GPU\Command-Lists</Filter>
    </ClInclude>
    <ClInclude Include="include\GPU\Render\qgl_scissor.h">
      <Filter>Header Files\GPU\Render</Filter>
    </ClInclude>
    <ClInclude Include="include\GPU\Render\qgl_viewport.h">
      <Filter>Header Files\GPU\Render</Filter>
    </ClInclude>
    <ClInclude Include="include\GPU\Command-Lists\qgl_cmd_bundle.h">
      <Filter>Header Files\GPU\Command-Lists</Filter>
    </ClInclude>
    <ClInclude Include="include\GPU\Command-Lists\qgl_cpy_cmd_list.h">
      <Filter>Header Files\GPU\Command-Lists</Filter>
    </ClInclude>
    <ClInclude Include="include\GPU\Command-Lists\qgl_graphics_cmd_list.h">
      <Filter>Header Files\GPU\Command-Lists</Filter>
    </ClInclude>
    <ClInclude Include="include\GPU\Render\qgl_blender.h">
      <Filter>Header Files\GPU\Render</Filter>
    </ClInclude>
    <ClInclude Include="include\GPU\Render\qgl_depth_stencil.h">
      <Filter>Header Files\GPU\Render</Filter>
    </ClInclude>
    <ClInclude Include="include\GPU\Render\qgl_rasterizer.h">
      <Filter>Header Files\GPU\Render</Filter>
    </ClInclude>
    <ClInclude Include="include\Helpers\qgl_window_helpers.h">
      <Filter>Header Files\Helpers</Filter>
    </ClInclude>
    <ClInclude Include="include\Content\qgl_sampler.h">
      <Filter>Header Files\Content</Filter>
    </ClInclude>
    <ClInclude Include="include\Content\Content-Descriptors\qgl_sampler_descriptor.h">
      <Filter>Header Files\Content\Content-Descriptors</Filter>
    </ClInclude>
    <ClInclude Include="include\GPU\qgl_ipso.h">
      <Filter>Header Files\GPU</Filter>
    </ClInclude>
    <ClInclude Include="include\GPU\qgl_frame.h">
      <Filter>Header Files\GPU</Filter>
    </ClInclude>
    <ClInclude Include="include\Content\qgl_shader.h">
      <Filter>Header Files\Content</Filter>
    </ClInclude>
    <ClInclude Include="include\Content\qgl_multisampler.h">
      <Filter>Header Files\Content</Filter>
    </ClInclude>
    <ClInclude Include="include\Content\Content-Descriptors\qgl_multisampler_descriptor.h">
      <Filter>Header Files\Content\Content-Descriptors</Filter>
    </ClInclude>
    <ClInclude Include="include\Content\qgl_vertex_layout.h">
      <Filter>Header Files\Content</Filter>
    </ClInclude>
    <ClInclude Include="include\Content\Content-Descriptors\qgl_depth_stencil_descriptor.h">
      <Filter>Header Files\Content\Content-Descriptors</Filter>
    </ClInclude>
    <ClInclude Include="include\Content\Content-Descriptors\qgl_blender_descriptor.h">
      <Filter>Header Files\Content\Content-Descriptors</Filter>
    </ClInclude>
    <ClInclude Include="include\Content\Content-Descriptors\qgl_rasterizer_descriptor.h">
      <Filter>Header Files\Content\Content-Descriptors</Filter>
    </ClInclude>
    <ClInclude Include="include\Content\Content-Descriptors\qgl_blend_descriptor.h">
      <Filter>Header Files\Content\Content-Descriptors</Filter>
    </ClInclude>
    <ClInclude Include="include\Content\Content-Descriptors\qgl_engine_descriptor.h">
      <Filter>Header Files\Content\Content-Descriptors</Filter>
    </ClInclude>
    <ClInclude Include="include\Content\qgl_device_configuration.h">
      <Filter>Header Files\Content</Filter>
    </ClInclude>
    <ClInclude Include="include\qgl_window.h">
      <Filter>Header Files</Filter>
    </ClInclude>
    <ClInclude Include="include\Content\Content-Descriptors\qgl_vertex_layout_descriptor.h">
      <Filter>Header Files\Content\Content-Descriptors</Filter>
    </ClInclude>
    <ClInclude Include="include\Content\Content-Descriptors\qgl_vertex_element_descriptor.h">
      <Filter>Header Files\Content\Content-Descriptors</Filter>
    </ClInclude>
    <ClInclude Include="include\Content\Content-Descriptors\qgl_shader_descriptor.h">
      <Filter>Header Files\Content\Content-Descriptors</Filter>
    </ClInclude>
    <ClInclude Include="include\Content\Content-Descriptors\qgl_light_descriptor.h">
      <Filter>Header Files\Content\Content-Descriptors</Filter>
    </ClInclude>
    <ClInclude Include="include\Content\Content-Descriptors\qgl_brush_descriptor.h">
      <Filter>Header Files\Content\Content-Descriptors</Filter>
    </ClInclude>
    <ClInclude Include="include\Helpers\qgl_dx_constructors.h">
      <Filter>Header Files\Helpers</Filter>
    </ClInclude>
    <ClInclude Include="include\Content\qgl_brush.h">
      <Filter>Header Files\Content</Filter>
    </ClInclude>
    <ClInclude Include="include\Content\Content-Descriptors\qgL_text_format_descriptor.h">
      <Filter>Header Files\Content\Content-Descriptors</Filter>
    </ClInclude>
    <ClInclude Include="include\Content\qgl_text_format.h">
      <Filter>Header Files\Content</Filter>
    </ClInclude>
    <ClInclude Include="include\Content\qgl_wtext.h">
      <Filter>Header Files\Content</Filter>
    </ClInclude>
    <ClInclude Include="include\Content\Content-Descriptors\qgl_camera_descriptor.h">
      <Filter>Header Files\Content\Content-Descriptors</Filter>
    </ClInclude>
    <ClInclude Include="include\Helpers\qgl_graphics_device_helpers.h">
      <Filter>Header Files\Helpers</Filter>
    </ClInclude>
    <ClInclude Include="include\GPU\Memory\qgl_igpu_allocator.h">
      <Filter>Header Files\GPU\Memory</Filter>
    </ClInclude>
    <ClInclude Include="include\GPU\Memory\qgl_slot_allocator.h">
      <Filter>Header Files\GPU\Memory</Filter>
    </ClInclude>
    <ClInclude Include="include\GPU\Buffers\qgl_const_buffer.h">
      <Filter>Header Files\GPU\Buffers</Filter>
    </ClInclude>
    <ClInclude Include="include\GPU\Buffers\qgl_upload_buffer.h">
      <Filter>Header Files\GPU\Buffers</Filter>
    </ClInclude>
    <ClInclude Include="include\GPU\Buffers\qgl_readback_buffer.h">
      <Filter>Header Files\GPU\Buffers</Filter>
    </ClInclude>
    <ClInclude Include="include\GPU\Buffers\qgl_imappable.h">
      <Filter>Header Files\GPU\Buffers</Filter>
    </ClInclude>
    <ClInclude Include="include\Content\qgl_camera.h">
      <Filter>Header Files\Content</Filter>
    </ClInclude>
    <ClInclude Include="include\Content\qgl_light.h">
      <Filter>Header Files\Content</Filter>
    </ClInclude>
    <ClInclude Include="include\Content\Content-Descriptors\qgl_hdr_descriptor.h">
      <Filter>Header Files\Content\Content-Descriptors</Filter>
    </ClInclude>
    <ClInclude Include="include\Helpers\qgl_color_helpers.h">
      <Filter>Header Files\Helpers</Filter>
    </ClInclude>
    <ClInclude Include="include\qgl_graphics_device.h">
      <Filter>Header Files</Filter>
    </ClInclude>
    <ClInclude Include="include\GPU\Memory\qgl_committed_allocator.h">
      <Filter>Header Files\GPU\Memory</Filter>
    </ClInclude>
    <ClInclude Include="include\GPU\Render\qgl_render_target.h">
      <Filter>Header Files\GPU\Render</Filter>
    </ClInclude>
    <ClInclude Include="include\GPU\Render\qgl_irender_target.h">
      <Filter>Header Files\GPU\Render</Filter>
    </ClInclude>
    <ClInclude Include="include\Helpers\d3dx12.h">
      <Filter>Header Files\Helpers</Filter>
    </ClInclude>
    <ClInclude Include="include\Helpers\qgl_supported_helpers.h">
      <Filter>Header Files\Helpers</Filter>
    </ClInclude>
    <ClInclude Include="include\Content\Content-Descriptors\qgl_texture_descriptor.h">
      <Filter>Header Files\Content\Content-Descriptors</Filter>
    </ClInclude>
    <ClInclude Include="include\Content\Content-Descriptors\qgl_vector_descriptor.h">
      <Filter>Header Files\Content\Content-Descriptors</Filter>
    </ClInclude>
    <ClInclude Include="include\Content\Content-Descriptors\qgl_brush_outline_descriptor.h">
      <Filter>Header Files\Content\Content-Descriptors</Filter>
    </ClInclude>
    <ClInclude Include="include\Content\qgl_outline_brush.h">
      <Filter>Header Files\Content</Filter>
    </ClInclude>
    <ClInclude Include="include\Content\Content-Descriptors\qgl_screen_space_descriptor.h">
      <Filter>Header Files\Content\Content-Descriptors</Filter>
    </ClInclude>
    <ClInclude Include="include\Content\Content-Descriptors\qgl_atlas_descriptor.h">
      <Filter>Header Files\Content\Content-Descriptors</Filter>
    </ClInclude>
    <ClInclude Include="include\Content\Content-Descriptors\qgl_atlas_entry_descriptor.h">
      <Filter>Header Files\Content\Content-Descriptors</Filter>
    </ClInclude>
    <ClInclude Include="include\Content\qgl_image.h">
      <Filter>Header Files\Content</Filter>
    </ClInclude>
    <ClInclude Include="include\Content\qgl_atlas.h">
      <Filter>Header Files\Content</Filter>
    </ClInclude>
    <ClInclude Include="include\Content\qgl_texture.h">
      <Filter>Header Files\Content</Filter>
    </ClInclude>
    <ClInclude Include="include\GPU\qgl_graphics_pso.h">
      <Filter>Header Files\GPU</Filter>
    </ClInclude>
  </ItemGroup>
  <ItemGroup>
    <None Include="QGL_Graphics.def">
      <Filter>win_rt</Filter>
    </None>
    <None Include="packages.config" />
  </ItemGroup>
  <ItemGroup>
    <Midl Include="QGL_GraphicsRT.idl">
      <Filter>win_rt</Filter>
    </Midl>
  </ItemGroup>
</Project>