<?xml version="1.0" encoding="utf-8"?>
<Project ToolsVersion="15.0" xmlns="http://schemas.microsoft.com/developer/msbuild/2003">
  <ItemGroup>
    <Filter Include="Resources">
      <UniqueIdentifier>accd3aa8-1ba0-4223-9bbe-0c431709210b</UniqueIdentifier>
      <Extensions>rc;ico;cur;bmp;dlg;rc2;rct;bin;rgs;gif;jpg;jpeg;jpe;resx;tga;tiff;tif;png;wav;mfcribbon-ms</Extensions>
    </Filter>
    <Filter Include="Generated Files">
      <UniqueIdentifier>{926ab91d-31b4-48c3-b9a4-e681349f27f0}</UniqueIdentifier>
    </Filter>
    <Filter Include="Header Files">
      <UniqueIdentifier>{ab07eea0-3825-4898-97e3-ae073fc76ad7}</UniqueIdentifier>
    </Filter>
    <Filter Include="Source Files">
      <UniqueIdentifier>{2d996fde-968a-4868-b214-92f277fef954}</UniqueIdentifier>
    </Filter>
    <Filter Include="win_rt">
      <UniqueIdentifier>{17081e90-b01b-49c8-8632-13a13609c17c}</UniqueIdentifier>
    </Filter>
    <Filter Include="Header Files\Helpers">
      <UniqueIdentifier>{76e60fe7-2c7b-4cb3-866d-2e3eccbcc2ee}</UniqueIdentifier>
    </Filter>
    <Filter Include="Header Files\Content">
      <UniqueIdentifier>{831623e7-89c6-4d93-8698-5216925e345a}</UniqueIdentifier>
    </Filter>
    <Filter Include="Header Files\Content\Content-Buffers">
      <UniqueIdentifier>{4c1707e8-142e-4686-8db7-c8ccb9e405bf}</UniqueIdentifier>
    </Filter>
    <Filter Include="Header Files\Engines">
      <UniqueIdentifier>{a60964c3-5e42-48ca-828c-d51033be252a}</UniqueIdentifier>
    </Filter>
    <Filter Include="Header Files\Content\Content-Loaders">
      <UniqueIdentifier>{3527204b-a434-487b-83f0-de812c3e6666}</UniqueIdentifier>
    </Filter>
    <Filter Include="Header Files\Content\File-Loaders">
      <UniqueIdentifier>{1b5efaf4-4000-42c5-95e4-e32d07d819aa}</UniqueIdentifier>
    </Filter>
    <Filter Include="Source Files\Content">
      <UniqueIdentifier>{7d598187-607d-481e-a019-a47f4732ec36}</UniqueIdentifier>
    </Filter>
    <Filter Include="Source Files\Content\Content-Buffers">
      <UniqueIdentifier>{17be2d06-502c-45d4-bfe9-110fc6fd6a02}</UniqueIdentifier>
    </Filter>
    <Filter Include="Header Files\GPU">
      <UniqueIdentifier>{43420c1b-cc29-4d8c-a662-319913d3c971}</UniqueIdentifier>
    </Filter>
    <Filter Include="Source Files\GPU">
      <UniqueIdentifier>{9df4f3b1-9f3a-47b8-814b-36b2e1c986a0}</UniqueIdentifier>
    </Filter>
    <Filter Include="IDL">
      <UniqueIdentifier>{f420ff9a-f965-44a6-a851-ec65654cc563}</UniqueIdentifier>
    </Filter>
    <Filter Include="Header Files\GPU\Synchronization">
      <UniqueIdentifier>{b9a01ef2-0ebe-437d-81f1-1a9a8ea46889}</UniqueIdentifier>
    </Filter>
    <Filter Include="Header Files\GPU\Stages">
      <UniqueIdentifier>{bcf956b8-0070-4856-98b9-de7947a507e1}</UniqueIdentifier>
    </Filter>
    <Filter Include="Source Files\GPU\Stages">
      <UniqueIdentifier>{8df4cdbd-49db-44c1-baa4-67899abc44f5}</UniqueIdentifier>
    </Filter>
  </ItemGroup>
  <ItemGroup>
    <ClCompile Include="$(GeneratedFilesDir)module.g.cpp">
      <Filter>win_rt</Filter>
    </ClCompile>
    <ClCompile Include="pch.cpp">
      <Filter>Source Files</Filter>
    </ClCompile>
    <ClCompile Include="QGL_GraphicsRT.cpp">
      <Filter>win_rt</Filter>
    </ClCompile>
    <ClCompile Include="qgl_window.cpp">
      <Filter>Source Files</Filter>
    </ClCompile>
    <ClCompile Include="qgl_blender_buffer.cpp">
      <Filter>Source Files\Content\Content-Buffers</Filter>
    </ClCompile>
    <ClCompile Include="qgl_blender_desc_buffer.cpp">
      <Filter>Source Files\Content\Content-Buffers</Filter>
    </ClCompile>
    <ClCompile Include="qgl_brush_buffer.cpp">
      <Filter>Source Files\Content\Content-Buffers</Filter>
    </ClCompile>
    <ClCompile Include="qgl_camera_buffer.cpp">
      <Filter>Source Files\Content\Content-Buffers</Filter>
    </ClCompile>
    <ClCompile Include="qgl_depth_stencil_buffer.cpp">
      <Filter>Source Files\Content\Content-Buffers</Filter>
    </ClCompile>
    <ClCompile Include="qgl_graphic_config_buffer.cpp">
      <Filter>Source Files\Content\Content-Buffers</Filter>
    </ClCompile>
    <ClCompile Include="qgl_sampler_buffer.cpp">
      <Filter>Source Files\Content\Content-Buffers</Filter>
    </ClCompile>
    <ClCompile Include="qgl_text_format_buffer.cpp">
      <Filter>Source Files\Content\Content-Buffers</Filter>
    </ClCompile>
    <ClCompile Include="qgl_rasterizer_buffer.cpp">
      <Filter>Source Files\Content\Content-Buffers</Filter>
    </ClCompile>
    <ClCompile Include="qgl_light_buffer.cpp">
      <Filter>Source Files\Content\Content-Buffers</Filter>
    </ClCompile>
    <ClCompile Include="qgl_graphics_device.cpp">
      <Filter>Source Files\GPU</Filter>
    </ClCompile>
    <ClCompile Include="qgl_graphics_device_helpers.cpp">
      <Filter>Source Files\GPU</Filter>
    </ClCompile>
    <ClCompile Include="qgl_scissor.cpp">
      <Filter>Source Files\GPU\Stages</Filter>
    </ClCompile>
    <ClCompile Include="qgl_viewport.cpp">
      <Filter>Source Files\GPU\Stages</Filter>
    </ClCompile>
  </ItemGroup>
  <ItemGroup>
    <ClInclude Include="QGLGraphics.h">
      <Filter>Header Files</Filter>
    </ClInclude>
    <ClInclude Include="QGL_GraphicsRT.h">
      <Filter>win_rt</Filter>
    </ClInclude>
    <ClInclude Include="pch.h">
      <Filter>Header Files</Filter>
    </ClInclude>
    <ClInclude Include="include\qgl_graphics_include.h">
      <Filter>Header Files</Filter>
    </ClInclude>
    <ClInclude Include="include\Helpers\d3dx12.h">
      <Filter>Header Files\Helpers</Filter>
    </ClInclude>
    <ClInclude Include="include\Content\Content-Buffers\qgl_blender_buffer.h">
      <Filter>Header Files\Content\Content-Buffers</Filter>
    </ClInclude>
    <ClInclude Include="include\Content\Content-Buffers\qgl_brush_buffer.h">
      <Filter>Header Files\Content\Content-Buffers</Filter>
    </ClInclude>
    <ClInclude Include="include\Content\Content-Buffers\qgl_camera_buffer.h">
      <Filter>Header Files\Content\Content-Buffers</Filter>
    </ClInclude>
    <ClInclude Include="include\Content\Content-Buffers\qgl_depth_stencil_buffer.h">
      <Filter>Header Files\Content\Content-Buffers</Filter>
    </ClInclude>
    <ClInclude Include="include\Content\Content-Buffers\qgl_graphic_config_buffer.h">
      <Filter>Header Files\Content\Content-Buffers</Filter>
    </ClInclude>
    <ClInclude Include="include\Content\Content-Buffers\qgl_light_buffer.h">
      <Filter>Header Files\Content\Content-Buffers</Filter>
    </ClInclude>
    <ClInclude Include="include\Content\Content-Buffers\qgl_rasterizer_buffer.h">
      <Filter>Header Files\Content\Content-Buffers</Filter>
    </ClInclude>
    <ClInclude Include="include\Content\Content-Buffers\qgl_sampler_buffer.h">
      <Filter>Header Files\Content\Content-Buffers</Filter>
    </ClInclude>
    <ClInclude Include="include\Content\Content-Buffers\qgl_text_format_buffer.h">
      <Filter>Header Files\Content\Content-Buffers</Filter>
    </ClInclude>
    <ClInclude Include="include\qgl_window.h">
      <Filter>Header Files</Filter>
    </ClInclude>
    <ClInclude Include="include\Content\Content-Buffers\qgl_blender_desc_buffer.h">
      <Filter>Header Files\Content\Content-Buffers</Filter>
    </ClInclude>
    <ClInclude Include="include\GPU\qgl_graphics_device.h">
      <Filter>Header Files\GPU</Filter>
    </ClInclude>
    <ClInclude Include="include\GPU\qgl_graphics_device_helpers.h">
      <Filter>Header Files\GPU</Filter>
    </ClInclude>
    <ClInclude Include="include\GPU\Synchronization\qgl_fence.h">
      <Filter>Header Files\GPU\Synchronization</Filter>
    </ClInclude>
    <ClInclude Include="include\GPU\Synchronization\qgl_sync_object.h">
      <Filter>Header Files\GPU\Synchronization</Filter>
    </ClInclude>
    <ClInclude Include="include\GPU\Stages\qgl_scissor.h">
      <Filter>Header Files\GPU\Stages</Filter>
    </ClInclude>
    <ClInclude Include="include\GPU\Stages\qgl_viewport.h">
      <Filter>Header Files\GPU\Stages</Filter>
    </ClInclude>
  </ItemGroup>
  <ItemGroup>
    <None Include="QGL_Graphics.def">
      <Filter>win_rt</Filter>
    </None>
    <None Include="packages.config" />
  </ItemGroup>
  <ItemGroup>
    <Midl Include="QGL_GraphicsRT.idl">
      <Filter>win_rt</Filter>
    </Midl>
  </ItemGroup>
</Project>