<?xml version="1.0" encoding="utf-8"?>
<Project ToolsVersion="15.0" xmlns="http://schemas.microsoft.com/developer/msbuild/2003">
  <ItemGroup>
    <Filter Include="Resources">
      <UniqueIdentifier>accd3aa8-1ba0-4223-9bbe-0c431709210b</UniqueIdentifier>
      <Extensions>rc;ico;cur;bmp;dlg;rc2;rct;bin;rgs;gif;jpg;jpeg;jpe;resx;tga;tiff;tif;png;wav;mfcribbon-ms</Extensions>
    </Filter>
    <Filter Include="Generated Files">
      <UniqueIdentifier>{926ab91d-31b4-48c3-b9a4-e681349f27f0}</UniqueIdentifier>
    </Filter>
    <Filter Include="Header Files">
      <UniqueIdentifier>{ab9ad756-27fb-4e0c-8a51-5a83c9b45579}</UniqueIdentifier>
    </Filter>
    <Filter Include="Source Files">
      <UniqueIdentifier>{d0f7d37b-9dad-4075-9e63-a6c14df4cdb4}</UniqueIdentifier>
    </Filter>
    <Filter Include="win_rt">
      <UniqueIdentifier>{566ad68f-8ef3-431d-b92e-2a1cf7ed781f}</UniqueIdentifier>
    </Filter>
    <Filter Include="Header Files\Descriptors">
      <UniqueIdentifier>{9e732e47-c0c3-4b7c-b870-7e222e626698}</UniqueIdentifier>
    </Filter>
    <Filter Include="Header Files\Files">
      <UniqueIdentifier>{5f589138-fe1e-418e-a86c-8c1bd1298e2b}</UniqueIdentifier>
    </Filter>
    <Filter Include="Header Files\Loaders">
      <UniqueIdentifier>{c898e444-7dee-4489-907c-c210e5b7aea8}</UniqueIdentifier>
    </Filter>
    <Filter Include="Header Files\Handles">
      <UniqueIdentifier>{4e3e590d-5a84-46b7-9ffb-9ae047d9042a}</UniqueIdentifier>
    </Filter>
    <Filter Include="Source Files\Loaders">
      <UniqueIdentifier>{dc95030a-313b-465f-bdfa-5fe440ecdcb2}</UniqueIdentifier>
    </Filter>
    <Filter Include="Header Files\Components">
      <UniqueIdentifier>{fa8045ff-7078-4401-9b9f-ac4c18c8dc91}</UniqueIdentifier>
    </Filter>
    <Filter Include="Source Files\Components">
      <UniqueIdentifier>{bf0debb2-d3a3-432b-86d4-f0486dcfcd74}</UniqueIdentifier>
    </Filter>
    <Filter Include="Header Files\Compression">
      <UniqueIdentifier>{33db8931-f6cc-4e93-91df-9f6440f6ab16}</UniqueIdentifier>
    </Filter>
  </ItemGroup>
  <ItemGroup>
    <ClCompile Include="pch.cpp">
      <Filter>Source Files</Filter>
    </ClCompile>
    <ClCompile Include="$(GeneratedFilesDir)module.g.cpp">
      <Filter>win_rt</Filter>
    </ClCompile>
    <ClCompile Include="src\qgl_iloader_provider.cpp">
      <Filter>Source Files</Filter>
    </ClCompile>
    <ClCompile Include="src\Loaders\qgl_content_loader_provider.cpp">
      <Filter>Source Files\Loaders</Filter>
    </ClCompile>
    <ClCompile Include="src\Components\qgl_content_component_provider.cpp">
      <Filter>Source Files\Components</Filter>
    </ClCompile>
    <ClCompile Include="src\Components\qgl_iloader_metadata.cpp">
      <Filter>Source Files\Components</Filter>
    </ClCompile>
  </ItemGroup>
  <ItemGroup>
    <None Include="QGL_Content.def">
      <Filter>win_rt</Filter>
    </None>
    <None Include="packages.config" />
  </ItemGroup>
  <ItemGroup>
    <None Include="PropertySheet.props" />
  </ItemGroup>
  <ItemGroup>
    <ClInclude Include="pch.h">
      <Filter>Header Files</Filter>
    </ClInclude>
    <ClInclude Include="QGLContent.h">
      <Filter>Header Files</Filter>
    </ClInclude>
    <ClInclude Include="include\qgl_content_include.h">
      <Filter>Header Files</Filter>
    </ClInclude>
    <ClInclude Include="include\Descriptors\qgl_file_header.h">
      <Filter>Header Files\Descriptors</Filter>
    </ClInclude>
    <ClInclude Include="include\Descriptors\qgl_file_dictionary.h">
      <Filter>Header Files\Descriptors</Filter>
    </ClInclude>
    <ClInclude Include="include\Descriptors\qgl_content_metadata.h">
      <Filter>Header Files\Descriptors</Filter>
    </ClInclude>
    <ClInclude Include="include\qgl_content_repo.h">
      <Filter>Header Files</Filter>
    </ClInclude>
    <ClInclude Include="include\qgl_file_helpers.h">
      <Filter>Header Files</Filter>
    </ClInclude>
    <ClInclude Include="include\Files\qgl_content_file.h">
      <Filter>Header Files\Files</Filter>
    </ClInclude>
    <ClInclude Include="include\Loaders\qgl_content_loader.h">
      <Filter>Header Files\Loaders</Filter>
    </ClInclude>
    <ClInclude Include="include\Handles\qgl_win32_file_handle.h">
      <Filter>Header Files\Handles</Filter>
    </ClInclude>
    <ClInclude Include="include\Loaders\qgl_loader_guids.h">
      <Filter>Header Files\Loaders</Filter>
    </ClInclude>
    <ClInclude Include="include\Loaders\qgl_content_loader_provider.h">
      <Filter>Header Files\Loaders</Filter>
    </ClInclude>
    <ClInclude Include="src\Loaders\qgl_struct_loader_metadata.h">
      <Filter>Source Files\Loaders</Filter>
    </ClInclude>
    <ClInclude Include="src\Loaders\qgl_string_loader_metadata.h">
      <Filter>Source Files\Loaders</Filter>
    </ClInclude>
    <ClInclude Include="src\Loaders\qgl_wstring_loader_metadata.h">
      <Filter>Source Files\Loaders</Filter>
    </ClInclude>
    <ClInclude Include="include\Components\qgl_content_component_provider.h">
      <Filter>Header Files\Components</Filter>
    </ClInclude>
    <ClInclude Include="include\Loaders\qgl_iloader_metadata.h">
      <Filter>Header Files\Loaders</Filter>
    </ClInclude>
    <ClInclude Include="include\Loaders\qgl_iloader_provider.h">
      <Filter>Header Files\Loaders</Filter>
    </ClInclude>
    <ClInclude Include="src\Loaders\qgl_dynamic_loader_metadata.h">
      <Filter>Source Files\Loaders</Filter>
    </ClInclude>
    <ClInclude Include="include\Compression\qgl_compression.h">
      <Filter>Header Files\Compression</Filter>
    </ClInclude>
    <ClInclude Include="include\Files\qgl_content_file_helpers.h">
      <Filter>Header Files\Files</Filter>
    </ClInclude>
  </ItemGroup>
  <ItemGroup>
    <Midl Include="QGL_ContentRT.idl">
      <Filter>win_rt</Filter>
    </Midl>
  </ItemGroup>
</Project>