<?xml version="1.0" encoding="utf-8"?>
<Project ToolsVersion="15.0" xmlns="http://schemas.microsoft.com/developer/msbuild/2003">
  <ItemGroup>
    <ClCompile Include="pch.cpp" />
    <ClCompile Include="$(GeneratedFilesDir)module.g.cpp" />
    <ClCompile Include="src\CompilerVersion.cpp">
      <Filter>Source Files</Filter>
    </ClCompile>
    <ClCompile Include="src\ContentLoader.cpp">
      <Filter>Source Files</Filter>
    </ClCompile>
    <ClCompile Include="src\ResourceType.cpp">
      <Filter>Source Files</Filter>
    </ClCompile>
    <ClCompile Include="src\ContentProjectEntry.cpp">
      <Filter>Source Files</Filter>
    </ClCompile>
    <ClCompile Include="src\ContentProject.cpp">
      <Filter>Source Files</Filter>
    </ClCompile>
    <ClCompile Include="src\ContentMetadata.cpp">
      <Filter>Source Files</Filter>
    </ClCompile>
  </ItemGroup>
  <ItemGroup>
    <ClInclude Include="pch.h" />
    <ClInclude Include="include\CompilerVersion.h">
      <Filter>Header Files</Filter>
    </ClInclude>
    <ClInclude Include="include\ContentLoader.h">
      <Filter>Header Files</Filter>
    </ClInclude>
    <ClInclude Include="include\ResourceType.h">
      <Filter>Header Files</Filter>
    </ClInclude>
    <ClInclude Include="include\ContentProjectEntry.h">
      <Filter>Header Files</Filter>
    </ClInclude>
    <ClInclude Include="include\ContentProject.h">
      <Filter>Header Files</Filter>
    </ClInclude>
    <ClInclude Include="include\ContentMetadata.h">
      <Filter>Header Files</Filter>
    </ClInclude>
  </ItemGroup>
  <ItemGroup>
    <None Include="QGL_Projection.def" />
    <None Include="packages.config" />
  </ItemGroup>
  <ItemGroup>
    <Filter Include="Header Files">
      <UniqueIdentifier>{2c57e397-9f41-4763-804a-845b4851572b}</UniqueIdentifier>
    </Filter>
    <Filter Include="Source Files">
      <UniqueIdentifier>{ad3ccbe2-5c91-4adf-8b5e-93532f5f0f9d}</UniqueIdentifier>
    </Filter>
    <Filter Include="Projections">
      <UniqueIdentifier>{bdb9e2c5-f0f0-4018-a2cf-585ab676d4f7}</UniqueIdentifier>
    </Filter>
  </ItemGroup>
  <ItemGroup>
    <Midl Include="projections\CompilerVersion.idl">
      <Filter>Projections</Filter>
    </Midl>
    <Midl Include="projections\ContentLoader.idl">
      <Filter>Projections</Filter>
    </Midl>
    <Midl Include="projections\ContentMetadata.idl">
      <Filter>Projections</Filter>
    </Midl>
    <Midl Include="projections\ResourceType.idl">
      <Filter>Projections</Filter>
    </Midl>
    <Midl Include="projections\ContentProject.idl">
      <Filter>Projections</Filter>
    </Midl>
    <Midl Include="projections\ContentProjectEntry.idl">
      <Filter>Projections</Filter>
    </Midl>
    <Midl Include="projections\IContentExtension.idl">
      <Filter>Projections</Filter>
    </Midl>
  </ItemGroup>
</Project>