<?xml version="1.0" encoding="utf-8"?>
<Project ToolsVersion="15.0" xmlns="http://schemas.microsoft.com/developer/msbuild/2003">
  <ItemGroup>
    <Filter Include="Common">
      <UniqueIdentifier>edca634a-5452-4c65-a717-8d2e26c0a588</UniqueIdentifier>
    </Filter>
    <Filter Include="Assets">
      <UniqueIdentifier>f6205f21-96a0-4013-a378-4b06d0b9121f</UniqueIdentifier>
      <Extensions>bmp;fbx;gif;jpg;jpeg;tga;tiff;tif;png</Extensions>
    </Filter>
    <Filter Include="Tests">
      <UniqueIdentifier>{722070df-48ff-4d96-9967-3907ab33d233}</UniqueIdentifier>
    </Filter>
    <Filter Include="Tests\Buffers">
      <UniqueIdentifier>{5837a811-5b8d-45fc-8a42-7ddeda0e72b1}</UniqueIdentifier>
    </Filter>
    <Filter Include="Tests\Dictionary">
      <UniqueIdentifier>{c093673f-72cd-4249-9d04-b78713eaed84}</UniqueIdentifier>
    </Filter>
    <Filter Include="Tests\File-Helpers">
      <UniqueIdentifier>{528f29b4-60fd-4acb-8ebf-095e22119683}</UniqueIdentifier>
    </Filter>
    <Filter Include="Tests\Test-Files">
      <UniqueIdentifier>{9b8ff837-4a2d-4c6b-91f6-b2de97584859}</UniqueIdentifier>
    </Filter>
    <Filter Include="Tests\Read-Write-Helpers">
      <UniqueIdentifier>{1828aae1-a58f-43e2-af6d-65ecf1b5b05f}</UniqueIdentifier>
    </Filter>
    <Filter Include="Tests\Importers">
      <UniqueIdentifier>{369a8661-1998-4b09-ad51-4620a583e8c0}</UniqueIdentifier>
    </Filter>
    <Filter Include="Tests\Content-Store">
      <UniqueIdentifier>{bae817d9-5a9c-438d-9332-1599f8e095c3}</UniqueIdentifier>
    </Filter>
    <Filter Include="Tests\File-Loaders">
      <UniqueIdentifier>{1b52f684-06b3-4311-b8a1-c6a1c39737dc}</UniqueIdentifier>
    </Filter>
    <Filter Include="Tests\Content-File">
      <UniqueIdentifier>{0d395d05-667d-4424-bfce-c4b3c266ff39}</UniqueIdentifier>
    </Filter>
  </ItemGroup>
  <ItemGroup>
    <ApplicationDefinition Include="UnitTestApp.xaml" />
  </ItemGroup>
  <ItemGroup>
    <ClCompile Include="UnitTestApp.xaml.cpp" />
    <ClCompile Include="pch.cpp" />
    <ClCompile Include="Tests\File-Helpers\file_attribute_tests.cpp">
      <Filter>Tests\File-Helpers</Filter>
    </ClCompile>
    <ClCompile Include="Tests\File-Helpers\open_file_tests.cpp">
      <Filter>Tests\File-Helpers</Filter>
    </ClCompile>
    <ClCompile Include="Tests\File-Helpers\read_file_tests.cpp">
      <Filter>Tests\File-Helpers</Filter>
    </ClCompile>
    <ClCompile Include="Tests\File-Helpers\truncate_file_tests.cpp">
      <Filter>Tests\File-Helpers</Filter>
    </ClCompile>
    <ClCompile Include="Tests\File-Helpers\write_file_tests.cpp">
      <Filter>Tests\File-Helpers</Filter>
    </ClCompile>
    <ClCompile Include="Tests\Dictionary\content_dictionary_test.cpp">
      <Filter>Tests\Dictionary</Filter>
    </ClCompile>
    <ClCompile Include="Tests\Buffers\content_metadata_buffer_tests.cpp">
      <Filter>Tests\Buffers</Filter>
    </ClCompile>
    <ClCompile Include="Tests\Buffers\dict_entry_buffer_tests.cpp">
      <Filter>Tests\Buffers</Filter>
    </ClCompile>
    <ClCompile Include="Tests\Buffers\dict_metadata_buffer_tests.cpp">
      <Filter>Tests\Buffers</Filter>
    </ClCompile>
    <ClCompile Include="Tests\Buffers\file_header_buffer_tests.cpp">
      <Filter>Tests\Buffers</Filter>
    </ClCompile>
    <ClCompile Include="Tests\File-Helpers\additional_helper_tests.cpp">
      <Filter>Tests\File-Helpers</Filter>
    </ClCompile>
    <ClCompile Include="Tests\Read-Write-Helpers\valid_data_tests.cpp">
      <Filter>Tests\Read-Write-Helpers</Filter>
    </ClCompile>
    <ClCompile Include="Tests\Read-Write-Helpers\offset_tests.cpp">
      <Filter>Tests\Read-Write-Helpers</Filter>
    </ClCompile>
    <ClCompile Include="Tests\Read-Write-Helpers\header_rw_tests.cpp">
      <Filter>Tests\Read-Write-Helpers</Filter>
    </ClCompile>
    <ClCompile Include="Tests\Read-Write-Helpers\dict_rw_tests.cpp">
      <Filter>Tests\Read-Write-Helpers</Filter>
    </ClCompile>
    <ClCompile Include="Tests\Read-Write-Helpers\dict_meta_rw_tests.cpp">
      <Filter>Tests\Read-Write-Helpers</Filter>
    </ClCompile>
    <ClCompile Include="Tests\Read-Write-Helpers\content_data_rw_tests.cpp">
      <Filter>Tests\Read-Write-Helpers</Filter>
    </ClCompile>
    <ClCompile Include="Tests\Content-File\move_constructor.cpp">
      <Filter>Tests\Content-File</Filter>
    </ClCompile>
    <ClCompile Include="Tests\Content-File\open_existing_file_read.cpp">
      <Filter>Tests\Content-File</Filter>
    </ClCompile>
    <ClCompile Include="Tests\Content-File\open_existing_file_write.cpp">
      <Filter>Tests\Content-File</Filter>
    </ClCompile>
    <ClCompile Include="Tests\Content-File\open_new_file_read.cpp">
      <Filter>Tests\Content-File</Filter>
    </ClCompile>
    <ClCompile Include="Tests\Content-File\open_new_file_write.cpp">
      <Filter>Tests\Content-File</Filter>
    </ClCompile>
    <ClCompile Include="Tests\Content-File\read_accessors.cpp">
      <Filter>Tests\Content-File</Filter>
    </ClCompile>
    <ClCompile Include="Tests\Content-File\write_accessors.cpp">
      <Filter>Tests\Content-File</Filter>
    </ClCompile>
    <ClCompile Include="Tests\File-Loaders\content_store_config_loader.cpp">
      <Filter>Tests\File-Loaders</Filter>
    </ClCompile>
    <ClCompile Include="Tests\File-Loaders\string_file_loader.cpp">
      <Filter>Tests\File-Loaders</Filter>
    </ClCompile>
    <ClCompile Include="Tests\File-Loaders\wstring_file_loader.cpp">
      <Filter>Tests\File-Loaders</Filter>
    </ClCompile>
    <ClCompile Include="Tests\Importers\import_helper_tests.cpp">
      <Filter>Tests\Importers</Filter>
    </ClCompile>
    <ClCompile Include="Tests\Importers\string_importer_tests.cpp">
      <Filter>Tests\Importers</Filter>
    </ClCompile>
    <ClCompile Include="Tests\Importers\struct_importer_tests.cpp">
      <Filter>Tests\Importers</Filter>
    </ClCompile>
    <ClCompile Include="Tests\Importers\wstring_importer_tests.cpp">
      <Filter>Tests\Importers</Filter>
    </ClCompile>
  </ItemGroup>
  <ItemGroup>
    <ClInclude Include="pch.h" />
    <ClInclude Include="UnitTestApp.xaml.h" />
  </ItemGroup>
  <ItemGroup>
    <Xml Include="UnitTestApp.rd.xml" />
  </ItemGroup>
  <ItemGroup>
    <Image Include="Assets\LockScreenLogo.scale-200.png">
      <Filter>Assets</Filter>
    </Image>
    <Image Include="Assets\SplashScreen.scale-200.png">
      <Filter>Assets</Filter>
    </Image>
    <Image Include="Assets\Square44x44Logo.scale-200.png">
      <Filter>Assets</Filter>
    </Image>
    <Image Include="Assets\Square44x44Logo.targetsize-24_altform-unplated.png">
      <Filter>Assets</Filter>
    </Image>
    <Image Include="Assets\Square150x150Logo.scale-200.png">
      <Filter>Assets</Filter>
    </Image>
    <Image Include="Assets\StoreLogo.png">
      <Filter>Assets</Filter>
    </Image>
    <Image Include="Assets\Wide310x150Logo.scale-200.png">
      <Filter>Assets</Filter>
    </Image>
  </ItemGroup>
  <ItemGroup>
    <AppxManifest Include="Package.appxmanifest" />
  </ItemGroup>
  <ItemGroup>
    <None Include="QGL_Content.UnitTests_TemporaryKey.pfx" />
  </ItemGroup>
  <ItemGroup>
    <Text Include="Tests\Test-Files\CheckMe.txt">
      <Filter>Tests\Test-Files</Filter>
    </Text>
  </ItemGroup>
</Project>